Microsoft Visual Studio Solution File, Format Version 12.00
Project("{9A19103F-16F7-4668-BE54-9A1E7A4F7556}") = "AzureCloudServiceBus.Sample", "samples\AzureCloudServiceBus\AzureCloudServiceBus.Sample.csproj", "{310AFE5C-9D65-41B6-8D6E-EAC4D7B8FCBB}"
EndProject
Project("{9A19103F-16F7-4668-BE54-9A1E7A4F7556}") = "Compose.Sample", "samples\Compose\Compose.Sample.csproj", "{C34A8BA0-3980-46A2-AD40-B29766131896}"
EndProject
Project("{9A19103F-16F7-4668-BE54-9A1E7A4F7556}") = "GenericResource.Sample", "samples\GenericResource\GenericResource.Sample.csproj", "{728CCC59-E7E8-49A1-9835-DC553B843257}"
EndProject
Project("{9A19103F-16F7-4668-BE54-9A1E7A4F7556}") = "MongoDb.Sample", "samples\MongoDb\MongoDb.Sample.csproj", "{2F9EF1CC-4ABF-4C42-B45A-3D893B14B5C3}"
EndProject
Project("{9A19103F-16F7-4668-BE54-9A1E7A4F7556}") = "PostgreSql.Sample", "samples\PostgreSql\PostgreSql.Sample.csproj", "{760462B4-3D31-46FD-829F-8FDC3842F0F6}"
EndProject
Project("{9A19103F-16F7-4668-BE54-9A1E7A4F7556}") = "RabbitMQ.Sample", "samples\RabbitMQ\RabbitMQ.Sample.csproj", "{EEB37507-71BC-459B-8E09-7BA74361C5CF}"
EndProject
Project("{9A19103F-16F7-4668-BE54-9A1E7A4F7556}") = "Redis.Sample", "samples\Redis\Redis.Sample.csproj", "{171B41F6-37B9-4FCD-A467-FE3CAB7C2248}"
EndProject
Project("{9A19103F-16F7-4668-BE54-9A1E7A4F7556}") = "Shared", "samples\Shared\Shared.csproj", "{07F68D17-2FAC-4AA1-AA59-1D379F28F169}"
EndProject
Project("{9A19103F-16F7-4668-BE54-9A1E7A4F7556}") = "AzureCloud", "src\AzureCloud\AzureCloud.csproj", "{0D1CD7AA-2127-438A-BE78-4024FA0EDB7C}"
EndProject
Project("{9A19103F-16F7-4668-BE54-9A1E7A4F7556}") = "AzureCloudEventHub", "src\AzureCloudEventHub\AzureCloudEventHub.csproj", "{724102E3-6669-4739-83D9-8A828CB5369A}"
EndProject
Project("{9A19103F-16F7-4668-BE54-9A1E7A4F7556}") = "AzureCloudKeyVault.Core", "src\AzureCloudKeyVault.Core\AzureCloudKeyVault.Core.csproj", "{14B2B127-D701-4EAB-9E4B-B1D38B37E9FF}"
EndProject
Project("{9A19103F-16F7-4668-BE54-9A1E7A4F7556}") = "AzureCloudServiceBus", "src\AzureCloudServiceBus\AzureCloudServiceBus.csproj", "{802597EB-5CDD-4E48-BEFD-94DF95DBB5AE}"
EndProject
Project("{9A19103F-16F7-4668-BE54-9A1E7A4F7556}") = "AzureStorage", "src\AzureStorage\AzureStorage.csproj", "{05489C2D-25E2-466E-9D70-7269A7B9B71B}"
EndProject
Project("{9A19103F-16F7-4668-BE54-9A1E7A4F7556}") = "ClickHouse", "src\ClickHouse\ClickHouse.csproj", "{15FA93A5-2027-4FA8-B1FA-CEABE60BC8CC}"
EndProject
Project("{9A19103F-16F7-4668-BE54-9A1E7A4F7556}") = "Compose", "src\Compose\Compose.csproj", "{B7593E3F-6D22-49B5-A7D2-DE9C1DE148FB}"
EndProject
Project("{9A19103F-16F7-4668-BE54-9A1E7A4F7556}") = "Core", "src\Core\Core.csproj", "{19FC4C4D-E2C7-4B63-8473-0076BE2EC0CD}"
EndProject
Project("{9A19103F-16F7-4668-BE54-9A1E7A4F7556}") = "Elasticsearch", "src\Elasticsearch\Elasticsearch.csproj", "{188795E1-4F10-4652-807F-43B7D575DDC8}"
EndProject
Project("{9A19103F-16F7-4668-BE54-9A1E7A4F7556}") = "FtpServer", "src\FtpServer\FtpServer.csproj", "{A1BEFEC1-3DF1-4912-ABD8-8B6787DFDC7B}"
EndProject
Project("{9A19103F-16F7-4668-BE54-9A1E7A4F7556}") = "Gitea", "src\Gitea\Gitea.csproj", "{6AC5DC1A-F39C-41DE-BEB3-66D271833F1B}"
EndProject
Project("{9A19103F-16F7-4668-BE54-9A1E7A4F7556}") = "MariaDB", "src\MariaDB\MariaDB.csproj", "{B1D0C188-8F8A-497B-801C-17C90B496D64}"
EndProject
Project("{9A19103F-16F7-4668-BE54-9A1E7A4F7556}") = "Mongo", "src\Mongo\Mongo.csproj", "{435961EB-030A-4D55-9F8F-3751F204DBFF}"
EndProject
Project("{9A19103F-16F7-4668-BE54-9A1E7A4F7556}") = "MySql", "src\MySql\MySql.csproj", "{4122974E-6E0E-4239-A7AC-47DA4A247C62}"
EndProject
Project("{9A19103F-16F7-4668-BE54-9A1E7A4F7556}") = "Nats", "src\Nats\Nats.csproj", "{13B4C205-8D78-42DB-9834-8AF3770EFBF2}"
EndProject
Project("{9A19103F-16F7-4668-BE54-9A1E7A4F7556}") = "Neo4j", "src\Neo4j\Neo4j.csproj", "{D801573E-D61B-4ED4-8D46-8DC39656872A}"
EndProject
Project("{9A19103F-16F7-4668-BE54-9A1E7A4F7556}") = "PostgreSql", "src\PostgreSql\PostgreSql.csproj", "{F65D8C87-7F88-41D4-9736-99BD53B627E1}"
EndProject
Project("{9A19103F-16F7-4668-BE54-9A1E7A4F7556}") = "RabbitMQ", "src\RabbitMQ\RabbitMQ.csproj", "{25C94049-D163-4300-9FED-328E289A2CD3}"
EndProject
Project("{9A19103F-16F7-4668-BE54-9A1E7A4F7556}") = "RavenDB", "src\RavenDB\RavenDB.csproj", "{CECCB532-09FD-40FB-B41C-91442A0A2947}"
EndProject
Project("{9A19103F-16F7-4668-BE54-9A1E7A4F7556}") = "Redis", "src\Redis\Redis.csproj", "{877C9ACB-4E1D-497D-9C9E-655B983CA7DE}"
EndProject
Project("{9A19103F-16F7-4668-BE54-9A1E7A4F7556}") = "S3", "src\S3\S3.csproj", "{A91D1251-098A-4FC7-9A72-59EE22FB23D6}"
EndProject
Project("{9A19103F-16F7-4668-BE54-9A1E7A4F7556}") = "SFtpServer", "src\SFtpServer\SFtpServer.csproj", "{922996F2-8BEC-4988-ACE1-44418C52064C}"
EndProject
Project("{9A19103F-16F7-4668-BE54-9A1E7A4F7556}") = "SqlServer", "src\SqlServer\SqlServer.csproj", "{44B47A13-B050-4484-9A77-FC74CCB7717D}"
EndProject
Project("{9A19103F-16F7-4668-BE54-9A1E7A4F7556}") = "Typesense", "src\Typesense\Typesense.csproj", "{1F8D2689-A204-4B31-855B-D58AA3C003BA}"
EndProject
Project("{9A19103F-16F7-4668-BE54-9A1E7A4F7556}") = "AzureCloudEventHub.Tests", "test\AzureCloudEventHub.Tests\AzureCloudEventHub.Tests.csproj", "{D00312AF-C123-44C0-9E65-0924183DF155}"
EndProject
Project("{9A19103F-16F7-4668-BE54-9A1E7A4F7556}") = "AzureCloudKeyVault.Tests", "test\AzureCloudKeyVault.Tests\AzureCloudKeyVault.Tests.csproj", "{50F036DA-B9C4-47C8-855C-9281331A068E}"
EndProject
Project("{9A19103F-16F7-4668-BE54-9A1E7A4F7556}") = "AzureCloudServiceBus.Tests", "test\AzureCloudServiceBus.Tests\AzureCloudServiceBus.Tests.csproj", "{5B65C097-6C28-459C-84A2-415A9C300214}"
EndProject
Project("{9A19103F-16F7-4668-BE54-9A1E7A4F7556}") = "AzureStorage.Tests", "test\AzureStorage.Tests\AzureStorage.Tests.csproj", "{2AA7E2B8-F85F-424E-AFE0-39E14A3F9CD2}"
EndProject
Project("{9A19103F-16F7-4668-BE54-9A1E7A4F7556}") = "ClickHouse.Tests", "test\ClickHouse.Tests\ClickHouse.Tests.csproj", "{AEECB6A1-9949-4A84-B1CC-9188D634AB30}"
EndProject
Project("{9A19103F-16F7-4668-BE54-9A1E7A4F7556}") = "Compose.Tests", "test\Compose.Tests\Compose.Tests.csproj", "{319DEA5B-DA3D-4F3F-955C-9D0BC6E76CE8}"
EndProject
Project("{9A19103F-16F7-4668-BE54-9A1E7A4F7556}") = "Core.Tests", "test\Core.Tests\Core.Tests.csproj", "{C0190132-A95D-46E1-9ECC-A86716673A49}"
EndProject
Project("{9A19103F-16F7-4668-BE54-9A1E7A4F7556}") = "Elasticsearch.Tests", "test\Elasticsearch.Tests\Elasticsearch.Tests.csproj", "{9DA85652-7C66-4A3B-A1B4-C272F9F66EA8}"
EndProject
Project("{9A19103F-16F7-4668-BE54-9A1E7A4F7556}") = "FtpServer.Tests", "test\FtpServer.Tests\FtpServer.Tests.csproj", "{8116963F-F849-4599-AA4A-970E8B427E75}"
EndProject
Project("{9A19103F-16F7-4668-BE54-9A1E7A4F7556}") = "Gitea.Tests", "test\Gitea.Tests\Gitea.Tests.csproj", "{4889F309-6997-43F4-8C5B-65EDB0351A67}"
EndProject
Project("{9A19103F-16F7-4668-BE54-9A1E7A4F7556}") = "MariaDB.Tests", "test\MariaDB.Tests\MariaDB.Tests.csproj", "{F227477C-BEEF-4D14-B01D-97DEBE7F16C0}"
EndProject
Project("{9A19103F-16F7-4668-BE54-9A1E7A4F7556}") = "Mongo.Tests", "test\Mongo.Tests\Mongo.Tests.csproj", "{DB61E777-0848-4017-9B83-0784EA46F6DE}"
EndProject
Project("{9A19103F-16F7-4668-BE54-9A1E7A4F7556}") = "MySql.Tests", "test\MySql.Tests\MySql.Tests.csproj", "{14CF9C03-4DF5-4270-98C9-64595CC2898E}"
EndProject
Project("{9A19103F-16F7-4668-BE54-9A1E7A4F7556}") = "Nats.Tests", "test\Nats.Tests\Nats.Tests.csproj", "{0538F143-DDC0-404C-A54C-225F4537D1C5}"
EndProject
Project("{9A19103F-16F7-4668-BE54-9A1E7A4F7556}") = "Neo4j.Tests", "test\Neo4j.Tests\Neo4j.Tests.csproj", "{432A5BCB-D341-4906-BE0E-01A8CAEDCC1C}"
EndProject
Project("{9A19103F-16F7-4668-BE54-9A1E7A4F7556}") = "PostgreSql.Tests", "test\PostgreSql.Tests\PostgreSql.Tests.csproj", "{0D19851F-4663-4953-A74B-0D24563A972F}"
EndProject
Project("{9A19103F-16F7-4668-BE54-9A1E7A4F7556}") = "RabbitMQ.Tests", "test\RabbitMQ.Tests\RabbitMQ.Tests.csproj", "{3FA397E4-6DC1-401A-BA5F-FEC6D64B9334}"
EndProject
Project("{9A19103F-16F7-4668-BE54-9A1E7A4F7556}") = "RavenDB.Tests", "test\RavenDB.Tests\RavenDB.Tests.csproj", "{65C03AF2-4453-4945-AD35-B3B09C4F5EA9}"
EndProject
Project("{9A19103F-16F7-4668-BE54-9A1E7A4F7556}") = "Redis.Tests", "test\Redis.Tests\Redis.Tests.csproj", "{23E53BAE-DAF6-4CEB-8495-0B25ABD58495}"
EndProject
Project("{9A19103F-16F7-4668-BE54-9A1E7A4F7556}") = "S3.Tests", "test\S3.Tests\S3.Tests.csproj", "{BEADFEEC-2C75-4412-80C2-E0E17B058C4E}"
EndProject
Project("{9A19103F-16F7-4668-BE54-9A1E7A4F7556}") = "SFtpServer.Tests", "test\SFtpServer.Tests\SFtpServer.Tests.csproj", "{E7F6DB8D-1FEA-4495-8133-520715B87779}"
EndProject
Project("{9A19103F-16F7-4668-BE54-9A1E7A4F7556}") = "SqlServer.Tests", "test\SqlServer.Tests\SqlServer.Tests.csproj", "{B082A568-275B-493B-BFAE-8384B2E1E1B2}"
EndProject
Project("{9A19103F-16F7-4668-BE54-9A1E7A4F7556}") = "Typesense.Tests", "test\Typesense.Tests\Typesense.Tests.csproj", "{E0110B9D-AF50-4AAB-B056-AC651C62AB56}"
EndProject
Global
	GlobalSection(SolutionConfigurationPlatforms) = preSolution
		Debug|Any CPU = Debug|Any CPU
		Release|Any CPU = Release|Any CPU
	EndGlobalSection
	GlobalSection(ProjectConfigurationPlatforms) = postSolution
		{310AFE5C-9D65-41B6-8D6E-EAC4D7B8FCBB}.Debug|Any CPU.ActiveCfg = Debug|Any CPU
		{310AFE5C-9D65-41B6-8D6E-EAC4D7B8FCBB}.Debug|Any CPU.Build.0 = Debug|Any CPU
		{310AFE5C-9D65-41B6-8D6E-EAC4D7B8FCBB}.Release|Any CPU.ActiveCfg = Release|Any CPU
		{310AFE5C-9D65-41B6-8D6E-EAC4D7B8FCBB}.Release|Any CPU.Build.0 = Release|Any CPU
		{C34A8BA0-3980-46A2-AD40-B29766131896}.Debug|Any CPU.ActiveCfg = Debug|Any CPU
		{C34A8BA0-3980-46A2-AD40-B29766131896}.Debug|Any CPU.Build.0 = Debug|Any CPU
		{C34A8BA0-3980-46A2-AD40-B29766131896}.Release|Any CPU.ActiveCfg = Release|Any CPU
		{C34A8BA0-3980-46A2-AD40-B29766131896}.Release|Any CPU.Build.0 = Release|Any CPU
		{728CCC59-E7E8-49A1-9835-DC553B843257}.Debug|Any CPU.ActiveCfg = Debug|Any CPU
		{728CCC59-E7E8-49A1-9835-DC553B843257}.Debug|Any CPU.Build.0 = Debug|Any CPU
		{728CCC59-E7E8-49A1-9835-DC553B843257}.Release|Any CPU.ActiveCfg = Release|Any CPU
		{728CCC59-E7E8-49A1-9835-DC553B843257}.Release|Any CPU.Build.0 = Release|Any CPU
		{2F9EF1CC-4ABF-4C42-B45A-3D893B14B5C3}.Debug|Any CPU.ActiveCfg = Debug|Any CPU
		{2F9EF1CC-4ABF-4C42-B45A-3D893B14B5C3}.Debug|Any CPU.Build.0 = Debug|Any CPU
		{2F9EF1CC-4ABF-4C42-B45A-3D893B14B5C3}.Release|Any CPU.ActiveCfg = Release|Any CPU
		{2F9EF1CC-4ABF-4C42-B45A-3D893B14B5C3}.Release|Any CPU.Build.0 = Release|Any CPU
		{760462B4-3D31-46FD-829F-8FDC3842F0F6}.Debug|Any CPU.ActiveCfg = Debug|Any CPU
		{760462B4-3D31-46FD-829F-8FDC3842F0F6}.Debug|Any CPU.Build.0 = Debug|Any CPU
		{760462B4-3D31-46FD-829F-8FDC3842F0F6}.Release|Any CPU.ActiveCfg = Release|Any CPU
		{760462B4-3D31-46FD-829F-8FDC3842F0F6}.Release|Any CPU.Build.0 = Release|Any CPU
		{EEB37507-71BC-459B-8E09-7BA74361C5CF}.Debug|Any CPU.ActiveCfg = Debug|Any CPU
		{EEB37507-71BC-459B-8E09-7BA74361C5CF}.Debug|Any CPU.Build.0 = Debug|Any CPU
		{EEB37507-71BC-459B-8E09-7BA74361C5CF}.Release|Any CPU.ActiveCfg = Release|Any CPU
		{EEB37507-71BC-459B-8E09-7BA74361C5CF}.Release|Any CPU.Build.0 = Release|Any CPU
		{171B41F6-37B9-4FCD-A467-FE3CAB7C2248}.Debug|Any CPU.ActiveCfg = Debug|Any CPU
		{171B41F6-37B9-4FCD-A467-FE3CAB7C2248}.Debug|Any CPU.Build.0 = Debug|Any CPU
		{171B41F6-37B9-4FCD-A467-FE3CAB7C2248}.Release|Any CPU.ActiveCfg = Release|Any CPU
		{171B41F6-37B9-4FCD-A467-FE3CAB7C2248}.Release|Any CPU.Build.0 = Release|Any CPU
		{07F68D17-2FAC-4AA1-AA59-1D379F28F169}.Debug|Any CPU.ActiveCfg = Debug|Any CPU
		{07F68D17-2FAC-4AA1-AA59-1D379F28F169}.Debug|Any CPU.Build.0 = Debug|Any CPU
		{07F68D17-2FAC-4AA1-AA59-1D379F28F169}.Release|Any CPU.ActiveCfg = Release|Any CPU
		{07F68D17-2FAC-4AA1-AA59-1D379F28F169}.Release|Any CPU.Build.0 = Release|Any CPU
		{0D1CD7AA-2127-438A-BE78-4024FA0EDB7C}.Debug|Any CPU.ActiveCfg = Debug|Any CPU
		{0D1CD7AA-2127-438A-BE78-4024FA0EDB7C}.Debug|Any CPU.Build.0 = Debug|Any CPU
		{0D1CD7AA-2127-438A-BE78-4024FA0EDB7C}.Release|Any CPU.ActiveCfg = Release|Any CPU
		{0D1CD7AA-2127-438A-BE78-4024FA0EDB7C}.Release|Any CPU.Build.0 = Release|Any CPU
		{724102E3-6669-4739-83D9-8A828CB5369A}.Debug|Any CPU.ActiveCfg = Debug|Any CPU
		{724102E3-6669-4739-83D9-8A828CB5369A}.Debug|Any CPU.Build.0 = Debug|Any CPU
		{724102E3-6669-4739-83D9-8A828CB5369A}.Release|Any CPU.ActiveCfg = Release|Any CPU
		{724102E3-6669-4739-83D9-8A828CB5369A}.Release|Any CPU.Build.0 = Release|Any CPU
		{14B2B127-D701-4EAB-9E4B-B1D38B37E9FF}.Debug|Any CPU.ActiveCfg = Debug|Any CPU
		{14B2B127-D701-4EAB-9E4B-B1D38B37E9FF}.Debug|Any CPU.Build.0 = Debug|Any CPU
		{14B2B127-D701-4EAB-9E4B-B1D38B37E9FF}.Release|Any CPU.ActiveCfg = Release|Any CPU
		{14B2B127-D701-4EAB-9E4B-B1D38B37E9FF}.Release|Any CPU.Build.0 = Release|Any CPU
		{802597EB-5CDD-4E48-BEFD-94DF95DBB5AE}.Debug|Any CPU.ActiveCfg = Debug|Any CPU
		{802597EB-5CDD-4E48-BEFD-94DF95DBB5AE}.Debug|Any CPU.Build.0 = Debug|Any CPU
		{802597EB-5CDD-4E48-BEFD-94DF95DBB5AE}.Release|Any CPU.ActiveCfg = Release|Any CPU
		{802597EB-5CDD-4E48-BEFD-94DF95DBB5AE}.Release|Any CPU.Build.0 = Release|Any CPU
		{05489C2D-25E2-466E-9D70-7269A7B9B71B}.Debug|Any CPU.ActiveCfg = Debug|Any CPU
		{05489C2D-25E2-466E-9D70-7269A7B9B71B}.Debug|Any CPU.Build.0 = Debug|Any CPU
		{05489C2D-25E2-466E-9D70-7269A7B9B71B}.Release|Any CPU.ActiveCfg = Release|Any CPU
		{05489C2D-25E2-466E-9D70-7269A7B9B71B}.Release|Any CPU.Build.0 = Release|Any CPU
		{15FA93A5-2027-4FA8-B1FA-CEABE60BC8CC}.Debug|Any CPU.ActiveCfg = Debug|Any CPU
		{15FA93A5-2027-4FA8-B1FA-CEABE60BC8CC}.Debug|Any CPU.Build.0 = Debug|Any CPU
		{15FA93A5-2027-4FA8-B1FA-CEABE60BC8CC}.Release|Any CPU.ActiveCfg = Release|Any CPU
		{15FA93A5-2027-4FA8-B1FA-CEABE60BC8CC}.Release|Any CPU.Build.0 = Release|Any CPU
		{B7593E3F-6D22-49B5-A7D2-DE9C1DE148FB}.Debug|Any CPU.ActiveCfg = Debug|Any CPU
		{B7593E3F-6D22-49B5-A7D2-DE9C1DE148FB}.Debug|Any CPU.Build.0 = Debug|Any CPU
		{B7593E3F-6D22-49B5-A7D2-DE9C1DE148FB}.Release|Any CPU.ActiveCfg = Release|Any CPU
		{B7593E3F-6D22-49B5-A7D2-DE9C1DE148FB}.Release|Any CPU.Build.0 = Release|Any CPU
		{19FC4C4D-E2C7-4B63-8473-0076BE2EC0CD}.Debug|Any CPU.ActiveCfg = Debug|Any CPU
		{19FC4C4D-E2C7-4B63-8473-0076BE2EC0CD}.Debug|Any CPU.Build.0 = Debug|Any CPU
		{19FC4C4D-E2C7-4B63-8473-0076BE2EC0CD}.Release|Any CPU.ActiveCfg = Release|Any CPU
		{19FC4C4D-E2C7-4B63-8473-0076BE2EC0CD}.Release|Any CPU.Build.0 = Release|Any CPU
		{188795E1-4F10-4652-807F-43B7D575DDC8}.Debug|Any CPU.ActiveCfg = Debug|Any CPU
		{188795E1-4F10-4652-807F-43B7D575DDC8}.Debug|Any CPU.Build.0 = Debug|Any CPU
		{188795E1-4F10-4652-807F-43B7D575DDC8}.Release|Any CPU.ActiveCfg = Release|Any CPU
		{188795E1-4F10-4652-807F-43B7D575DDC8}.Release|Any CPU.Build.0 = Release|Any CPU
		{A1BEFEC1-3DF1-4912-ABD8-8B6787DFDC7B}.Debug|Any CPU.ActiveCfg = Debug|Any CPU
		{A1BEFEC1-3DF1-4912-ABD8-8B6787DFDC7B}.Debug|Any CPU.Build.0 = Debug|Any CPU
		{A1BEFEC1-3DF1-4912-ABD8-8B6787DFDC7B}.Release|Any CPU.ActiveCfg = Release|Any CPU
		{A1BEFEC1-3DF1-4912-ABD8-8B6787DFDC7B}.Release|Any CPU.Build.0 = Release|Any CPU
		{6AC5DC1A-F39C-41DE-BEB3-66D271833F1B}.Debug|Any CPU.ActiveCfg = Debug|Any CPU
		{6AC5DC1A-F39C-41DE-BEB3-66D271833F1B}.Debug|Any CPU.Build.0 = Debug|Any CPU
		{6AC5DC1A-F39C-41DE-BEB3-66D271833F1B}.Release|Any CPU.ActiveCfg = Release|Any CPU
		{6AC5DC1A-F39C-41DE-BEB3-66D271833F1B}.Release|Any CPU.Build.0 = Release|Any CPU
		{B1D0C188-8F8A-497B-801C-17C90B496D64}.Debug|Any CPU.ActiveCfg = Debug|Any CPU
		{B1D0C188-8F8A-497B-801C-17C90B496D64}.Debug|Any CPU.Build.0 = Debug|Any CPU
		{B1D0C188-8F8A-497B-801C-17C90B496D64}.Release|Any CPU.ActiveCfg = Release|Any CPU
		{B1D0C188-8F8A-497B-801C-17C90B496D64}.Release|Any CPU.Build.0 = Release|Any CPU
		{435961EB-030A-4D55-9F8F-3751F204DBFF}.Debug|Any CPU.ActiveCfg = Debug|Any CPU
		{435961EB-030A-4D55-9F8F-3751F204DBFF}.Debug|Any CPU.Build.0 = Debug|Any CPU
		{435961EB-030A-4D55-9F8F-3751F204DBFF}.Release|Any CPU.ActiveCfg = Release|Any CPU
		{435961EB-030A-4D55-9F8F-3751F204DBFF}.Release|Any CPU.Build.0 = Release|Any CPU
		{4122974E-6E0E-4239-A7AC-47DA4A247C62}.Debug|Any CPU.ActiveCfg = Debug|Any CPU
		{4122974E-6E0E-4239-A7AC-47DA4A247C62}.Debug|Any CPU.Build.0 = Debug|Any CPU
		{4122974E-6E0E-4239-A7AC-47DA4A247C62}.Release|Any CPU.ActiveCfg = Release|Any CPU
		{4122974E-6E0E-4239-A7AC-47DA4A247C62}.Release|Any CPU.Build.0 = Release|Any CPU
		{13B4C205-8D78-42DB-9834-8AF3770EFBF2}.Debug|Any CPU.ActiveCfg = Debug|Any CPU
		{13B4C205-8D78-42DB-9834-8AF3770EFBF2}.Debug|Any CPU.Build.0 = Debug|Any CPU
		{13B4C205-8D78-42DB-9834-8AF3770EFBF2}.Release|Any CPU.ActiveCfg = Release|Any CPU
		{13B4C205-8D78-42DB-9834-8AF3770EFBF2}.Release|Any CPU.Build.0 = Release|Any CPU
		{D801573E-D61B-4ED4-8D46-8DC39656872A}.Debug|Any CPU.ActiveCfg = Debug|Any CPU
		{D801573E-D61B-4ED4-8D46-8DC39656872A}.Debug|Any CPU.Build.0 = Debug|Any CPU
		{D801573E-D61B-4ED4-8D46-8DC39656872A}.Release|Any CPU.ActiveCfg = Release|Any CPU
		{D801573E-D61B-4ED4-8D46-8DC39656872A}.Release|Any CPU.Build.0 = Release|Any CPU
		{F65D8C87-7F88-41D4-9736-99BD53B627E1}.Debug|Any CPU.ActiveCfg = Debug|Any CPU
		{F65D8C87-7F88-41D4-9736-99BD53B627E1}.Debug|Any CPU.Build.0 = Debug|Any CPU
		{F65D8C87-7F88-41D4-9736-99BD53B627E1}.Release|Any CPU.ActiveCfg = Release|Any CPU
		{F65D8C87-7F88-41D4-9736-99BD53B627E1}.Release|Any CPU.Build.0 = Release|Any CPU
		{25C94049-D163-4300-9FED-328E289A2CD3}.Debug|Any CPU.ActiveCfg = Debug|Any CPU
		{25C94049-D163-4300-9FED-328E289A2CD3}.Debug|Any CPU.Build.0 = Debug|Any CPU
		{25C94049-D163-4300-9FED-328E289A2CD3}.Release|Any CPU.ActiveCfg = Release|Any CPU
		{25C94049-D163-4300-9FED-328E289A2CD3}.Release|Any CPU.Build.0 = Release|Any CPU
		{CECCB532-09FD-40FB-B41C-91442A0A2947}.Debug|Any CPU.ActiveCfg = Debug|Any CPU
		{CECCB532-09FD-40FB-B41C-91442A0A2947}.Debug|Any CPU.Build.0 = Debug|Any CPU
		{CECCB532-09FD-40FB-B41C-91442A0A2947}.Release|Any CPU.ActiveCfg = Release|Any CPU
		{CECCB532-09FD-40FB-B41C-91442A0A2947}.Release|Any CPU.Build.0 = Release|Any CPU
		{877C9ACB-4E1D-497D-9C9E-655B983CA7DE}.Debug|Any CPU.ActiveCfg = Debug|Any CPU
		{877C9ACB-4E1D-497D-9C9E-655B983CA7DE}.Debug|Any CPU.Build.0 = Debug|Any CPU
		{877C9ACB-4E1D-497D-9C9E-655B983CA7DE}.Release|Any CPU.ActiveCfg = Release|Any CPU
		{877C9ACB-4E1D-497D-9C9E-655B983CA7DE}.Release|Any CPU.Build.0 = Release|Any CPU
		{A91D1251-098A-4FC7-9A72-59EE22FB23D6}.Debug|Any CPU.ActiveCfg = Debug|Any CPU
		{A91D1251-098A-4FC7-9A72-59EE22FB23D6}.Debug|Any CPU.Build.0 = Debug|Any CPU
		{A91D1251-098A-4FC7-9A72-59EE22FB23D6}.Release|Any CPU.ActiveCfg = Release|Any CPU
		{A91D1251-098A-4FC7-9A72-59EE22FB23D6}.Release|Any CPU.Build.0 = Release|Any CPU
		{922996F2-8BEC-4988-ACE1-44418C52064C}.Debug|Any CPU.ActiveCfg = Debug|Any CPU
		{922996F2-8BEC-4988-ACE1-44418C52064C}.Debug|Any CPU.Build.0 = Debug|Any CPU
		{922996F2-8BEC-4988-ACE1-44418C52064C}.Release|Any CPU.ActiveCfg = Release|Any CPU
		{922996F2-8BEC-4988-ACE1-44418C52064C}.Release|Any CPU.Build.0 = Release|Any CPU
		{44B47A13-B050-4484-9A77-FC74CCB7717D}.Debug|Any CPU.ActiveCfg = Debug|Any CPU
		{44B47A13-B050-4484-9A77-FC74CCB7717D}.Debug|Any CPU.Build.0 = Debug|Any CPU
		{44B47A13-B050-4484-9A77-FC74CCB7717D}.Release|Any CPU.ActiveCfg = Release|Any CPU
		{44B47A13-B050-4484-9A77-FC74CCB7717D}.Release|Any CPU.Build.0 = Release|Any CPU
		{1F8D2689-A204-4B31-855B-D58AA3C003BA}.Debug|Any CPU.ActiveCfg = Debug|Any CPU
		{1F8D2689-A204-4B31-855B-D58AA3C003BA}.Debug|Any CPU.Build.0 = Debug|Any CPU
		{1F8D2689-A204-4B31-855B-D58AA3C003BA}.Release|Any CPU.ActiveCfg = Release|Any CPU
		{1F8D2689-A204-4B31-855B-D58AA3C003BA}.Release|Any CPU.Build.0 = Release|Any CPU
		{D00312AF-C123-44C0-9E65-0924183DF155}.Debug|Any CPU.ActiveCfg = Debug|Any CPU
		{D00312AF-C123-44C0-9E65-0924183DF155}.Debug|Any CPU.Build.0 = Debug|Any CPU
		{D00312AF-C123-44C0-9E65-0924183DF155}.Release|Any CPU.ActiveCfg = Release|Any CPU
		{D00312AF-C123-44C0-9E65-0924183DF155}.Release|Any CPU.Build.0 = Release|Any CPU
		{50F036DA-B9C4-47C8-855C-9281331A068E}.Debug|Any CPU.ActiveCfg = Debug|Any CPU
		{50F036DA-B9C4-47C8-855C-9281331A068E}.Debug|Any CPU.Build.0 = Debug|Any CPU
		{50F036DA-B9C4-47C8-855C-9281331A068E}.Release|Any CPU.ActiveCfg = Release|Any CPU
		{50F036DA-B9C4-47C8-855C-9281331A068E}.Release|Any CPU.Build.0 = Release|Any CPU
		{5B65C097-6C28-459C-84A2-415A9C300214}.Debug|Any CPU.ActiveCfg = Debug|Any CPU
		{5B65C097-6C28-459C-84A2-415A9C300214}.Debug|Any CPU.Build.0 = Debug|Any CPU
		{5B65C097-6C28-459C-84A2-415A9C300214}.Release|Any CPU.ActiveCfg = Release|Any CPU
		{5B65C097-6C28-459C-84A2-415A9C300214}.Release|Any CPU.Build.0 = Release|Any CPU
		{2AA7E2B8-F85F-424E-AFE0-39E14A3F9CD2}.Debug|Any CPU.ActiveCfg = Debug|Any CPU
		{2AA7E2B8-F85F-424E-AFE0-39E14A3F9CD2}.Debug|Any CPU.Build.0 = Debug|Any CPU
		{2AA7E2B8-F85F-424E-AFE0-39E14A3F9CD2}.Release|Any CPU.ActiveCfg = Release|Any CPU
		{2AA7E2B8-F85F-424E-AFE0-39E14A3F9CD2}.Release|Any CPU.Build.0 = Release|Any CPU
		{AEECB6A1-9949-4A84-B1CC-9188D634AB30}.Debug|Any CPU.ActiveCfg = Debug|Any CPU
		{AEECB6A1-9949-4A84-B1CC-9188D634AB30}.Debug|Any CPU.Build.0 = Debug|Any CPU
		{AEECB6A1-9949-4A84-B1CC-9188D634AB30}.Release|Any CPU.ActiveCfg = Release|Any CPU
		{AEECB6A1-9949-4A84-B1CC-9188D634AB30}.Release|Any CPU.Build.0 = Release|Any CPU
		{319DEA5B-DA3D-4F3F-955C-9D0BC6E76CE8}.Debug|Any CPU.ActiveCfg = Debug|Any CPU
		{319DEA5B-DA3D-4F3F-955C-9D0BC6E76CE8}.Debug|Any CPU.Build.0 = Debug|Any CPU
		{319DEA5B-DA3D-4F3F-955C-9D0BC6E76CE8}.Release|Any CPU.ActiveCfg = Release|Any CPU
		{319DEA5B-DA3D-4F3F-955C-9D0BC6E76CE8}.Release|Any CPU.Build.0 = Release|Any CPU
		{C0190132-A95D-46E1-9ECC-A86716673A49}.Debug|Any CPU.ActiveCfg = Debug|Any CPU
		{C0190132-A95D-46E1-9ECC-A86716673A49}.Debug|Any CPU.Build.0 = Debug|Any CPU
		{C0190132-A95D-46E1-9ECC-A86716673A49}.Release|Any CPU.ActiveCfg = Release|Any CPU
		{C0190132-A95D-46E1-9ECC-A86716673A49}.Release|Any CPU.Build.0 = Release|Any CPU
		{9DA85652-7C66-4A3B-A1B4-C272F9F66EA8}.Debug|Any CPU.ActiveCfg = Debug|Any CPU
		{9DA85652-7C66-4A3B-A1B4-C272F9F66EA8}.Debug|Any CPU.Build.0 = Debug|Any CPU
		{9DA85652-7C66-4A3B-A1B4-C272F9F66EA8}.Release|Any CPU.ActiveCfg = Release|Any CPU
		{9DA85652-7C66-4A3B-A1B4-C272F9F66EA8}.Release|Any CPU.Build.0 = Release|Any CPU
		{8116963F-F849-4599-AA4A-970E8B427E75}.Debug|Any CPU.ActiveCfg = Debug|Any CPU
		{8116963F-F849-4599-AA4A-970E8B427E75}.Debug|Any CPU.Build.0 = Debug|Any CPU
		{8116963F-F849-4599-AA4A-970E8B427E75}.Release|Any CPU.ActiveCfg = Release|Any CPU
		{8116963F-F849-4599-AA4A-970E8B427E75}.Release|Any CPU.Build.0 = Release|Any CPU
		{4889F309-6997-43F4-8C5B-65EDB0351A67}.Debug|Any CPU.ActiveCfg = Debug|Any CPU
		{4889F309-6997-43F4-8C5B-65EDB0351A67}.Debug|Any CPU.Build.0 = Debug|Any CPU
		{4889F309-6997-43F4-8C5B-65EDB0351A67}.Release|Any CPU.ActiveCfg = Release|Any CPU
		{4889F309-6997-43F4-8C5B-65EDB0351A67}.Release|Any CPU.Build.0 = Release|Any CPU
		{F227477C-BEEF-4D14-B01D-97DEBE7F16C0}.Debug|Any CPU.ActiveCfg = Debug|Any CPU
		{F227477C-BEEF-4D14-B01D-97DEBE7F16C0}.Debug|Any CPU.Build.0 = Debug|Any CPU
		{F227477C-BEEF-4D14-B01D-97DEBE7F16C0}.Release|Any CPU.ActiveCfg = Release|Any CPU
		{F227477C-BEEF-4D14-B01D-97DEBE7F16C0}.Release|Any CPU.Build.0 = Release|Any CPU
		{DB61E777-0848-4017-9B83-0784EA46F6DE}.Debug|Any CPU.ActiveCfg = Debug|Any CPU
		{DB61E777-0848-4017-9B83-0784EA46F6DE}.Debug|Any CPU.Build.0 = Debug|Any CPU
		{DB61E777-0848-4017-9B83-0784EA46F6DE}.Release|Any CPU.ActiveCfg = Release|Any CPU
		{DB61E777-0848-4017-9B83-0784EA46F6DE}.Release|Any CPU.Build.0 = Release|Any CPU
		{14CF9C03-4DF5-4270-98C9-64595CC2898E}.Debug|Any CPU.ActiveCfg = Debug|Any CPU
		{14CF9C03-4DF5-4270-98C9-64595CC2898E}.Debug|Any CPU.Build.0 = Debug|Any CPU
		{14CF9C03-4DF5-4270-98C9-64595CC2898E}.Release|Any CPU.ActiveCfg = Release|Any CPU
		{14CF9C03-4DF5-4270-98C9-64595CC2898E}.Release|Any CPU.Build.0 = Release|Any CPU
		{0538F143-DDC0-404C-A54C-225F4537D1C5}.Debug|Any CPU.ActiveCfg = Debug|Any CPU
		{0538F143-DDC0-404C-A54C-225F4537D1C5}.Debug|Any CPU.Build.0 = Debug|Any CPU
		{0538F143-DDC0-404C-A54C-225F4537D1C5}.Release|Any CPU.ActiveCfg = Release|Any CPU
		{0538F143-DDC0-404C-A54C-225F4537D1C5}.Release|Any CPU.Build.0 = Release|Any CPU
		{432A5BCB-D341-4906-BE0E-01A8CAEDCC1C}.Debug|Any CPU.ActiveCfg = Debug|Any CPU
		{432A5BCB-D341-4906-BE0E-01A8CAEDCC1C}.Debug|Any CPU.Build.0 = Debug|Any CPU
		{432A5BCB-D341-4906-BE0E-01A8CAEDCC1C}.Release|Any CPU.ActiveCfg = Release|Any CPU
		{432A5BCB-D341-4906-BE0E-01A8CAEDCC1C}.Release|Any CPU.Build.0 = Release|Any CPU
		{0D19851F-4663-4953-A74B-0D24563A972F}.Debug|Any CPU.ActiveCfg = Debug|Any CPU
		{0D19851F-4663-4953-A74B-0D24563A972F}.Debug|Any CPU.Build.0 = Debug|Any CPU
		{0D19851F-4663-4953-A74B-0D24563A972F}.Release|Any CPU.ActiveCfg = Release|Any CPU
		{0D19851F-4663-4953-A74B-0D24563A972F}.Release|Any CPU.Build.0 = Release|Any CPU
		{3FA397E4-6DC1-401A-BA5F-FEC6D64B9334}.Debug|Any CPU.ActiveCfg = Debug|Any CPU
		{3FA397E4-6DC1-401A-BA5F-FEC6D64B9334}.Debug|Any CPU.Build.0 = Debug|Any CPU
		{3FA397E4-6DC1-401A-BA5F-FEC6D64B9334}.Release|Any CPU.ActiveCfg = Release|Any CPU
		{3FA397E4-6DC1-401A-BA5F-FEC6D64B9334}.Release|Any CPU.Build.0 = Release|Any CPU
		{65C03AF2-4453-4945-AD35-B3B09C4F5EA9}.Debug|Any CPU.ActiveCfg = Debug|Any CPU
		{65C03AF2-4453-4945-AD35-B3B09C4F5EA9}.Debug|Any CPU.Build.0 = Debug|Any CPU
		{65C03AF2-4453-4945-AD35-B3B09C4F5EA9}.Release|Any CPU.ActiveCfg = Release|Any CPU
		{65C03AF2-4453-4945-AD35-B3B09C4F5EA9}.Release|Any CPU.Build.0 = Release|Any CPU
		{23E53BAE-DAF6-4CEB-8495-0B25ABD58495}.Debug|Any CPU.ActiveCfg = Debug|Any CPU
		{23E53BAE-DAF6-4CEB-8495-0B25ABD58495}.Debug|Any CPU.Build.0 = Debug|Any CPU
		{23E53BAE-DAF6-4CEB-8495-0B25ABD58495}.Release|Any CPU.ActiveCfg = Release|Any CPU
		{23E53BAE-DAF6-4CEB-8495-0B25ABD58495}.Release|Any CPU.Build.0 = Release|Any CPU
		{BEADFEEC-2C75-4412-80C2-E0E17B058C4E}.Debug|Any CPU.ActiveCfg = Debug|Any CPU
		{BEADFEEC-2C75-4412-80C2-E0E17B058C4E}.Debug|Any CPU.Build.0 = Debug|Any CPU
		{BEADFEEC-2C75-4412-80C2-E0E17B058C4E}.Release|Any CPU.ActiveCfg = Release|Any CPU
		{BEADFEEC-2C75-4412-80C2-E0E17B058C4E}.Release|Any CPU.Build.0 = Release|Any CPU
		{E7F6DB8D-1FEA-4495-8133-520715B87779}.Debug|Any CPU.ActiveCfg = Debug|Any CPU
		{E7F6DB8D-1FEA-4495-8133-520715B87779}.Debug|Any CPU.Build.0 = Debug|Any CPU
		{E7F6DB8D-1FEA-4495-8133-520715B87779}.Release|Any CPU.ActiveCfg = Release|Any CPU
		{E7F6DB8D-1FEA-4495-8133-520715B87779}.Release|Any CPU.Build.0 = Release|Any CPU
		{B082A568-275B-493B-BFAE-8384B2E1E1B2}.Debug|Any CPU.ActiveCfg = Debug|Any CPU
		{B082A568-275B-493B-BFAE-8384B2E1E1B2}.Debug|Any CPU.Build.0 = Debug|Any CPU
		{B082A568-275B-493B-BFAE-8384B2E1E1B2}.Release|Any CPU.ActiveCfg = Release|Any CPU
		{B082A568-275B-493B-BFAE-8384B2E1E1B2}.Release|Any CPU.Build.0 = Release|Any CPU
		{E0110B9D-AF50-4AAB-B056-AC651C62AB56}.Debug|Any CPU.ActiveCfg = Debug|Any CPU
		{E0110B9D-AF50-4AAB-B056-AC651C62AB56}.Debug|Any CPU.Build.0 = Debug|Any CPU
		{E0110B9D-AF50-4AAB-B056-AC651C62AB56}.Release|Any CPU.ActiveCfg = Release|Any CPU
		{E0110B9D-AF50-4AAB-B056-AC651C62AB56}.Release|Any CPU.Build.0 = Release|Any CPU
	EndGlobalSection
	GlobalSection(SolutionProperties) = preSolution
		HideSolutionNode = FALSE
	EndGlobalSection
	GlobalSection(ExtensibilityGlobals) = postSolution
		SolutionGuid = {994C6E2F-E247-4E86-BBE6-65E99736D29E}
	EndGlobalSection
EndGlobal
