
Microsoft Visual Studio Solution File, Format Version 12.00
# Visual Studio Version 16
VisualStudioVersion = 16.0.29326.143
MinimumVisualStudioVersion = 10.0.40219.1
Project("{9A19103F-16F7-4668-BE54-9A1E7A4F7556}") = "MongoDb", "MongoDb\MongoDb.csproj", "{F2A5CFCE-3CFE-4C85-BB54-BD59877980C8}"
EndProject
Project("{9A19103F-16F7-4668-BE54-9A1E7A4F7556}") = "PostgreSql", "PostgreSql\PostgreSql.csproj", "{1C9A3583-730B-4610-BB19-98DF1CFFA3E5}"
EndProject
Project("{9A19103F-16F7-4668-BE54-9A1E7A4F7556}") = "GenericResource", "GenericResource\GenericResource.csproj", "{F0530241-7EF5-4E70-9F26-FA3AE638960A}"
EndProject
Project("{9A19103F-16F7-4668-BE54-9A1E7A4F7556}") = "Shared", "Shared\Shared.csproj", "{B6D406B2-AF77-45B1-B10B-4FBA4B78C120}"
EndProject
Project("{9A19103F-16F7-4668-BE54-9A1E7A4F7556}") = "Redis", "Redis\Redis.csproj", "{64BBAD36-98A3-4888-BF2C-705D24FF131C}"
EndProject
Project("{9A19103F-16F7-4668-BE54-9A1E7A4F7556}") = "RabbitMQ", "RabbitMQ\RabbitMQ.csproj", "{00F1791E-FB1F-4BCF-A3FE-DAFE2256012A}"
EndProject
Project("{9A19103F-16F7-4668-BE54-9A1E7A4F7556}") = "AzureCloudServiceBus", "AzureCloudServiceBus\AzureCloudServiceBus.csproj", "{386473F2-8FF3-4C21-B046-66851058D851}"
EndProject
Project("{FAE04EC0-301F-11D3-BF4B-00C04F79EFBC}") = "Compose", "Compose\Compose.csproj", "{FCE153A6-295E-4820-B882-4149841D0230}"
EndProject
Global
	GlobalSection(SolutionConfigurationPlatforms) = preSolution
		Debug|Any CPU = Debug|Any CPU
		Release|Any CPU = Release|Any CPU
	EndGlobalSection
	GlobalSection(ProjectConfigurationPlatforms) = postSolution
		{F2A5CFCE-3CFE-4C85-BB54-BD59877980C8}.Debug|Any CPU.ActiveCfg = Debug|Any CPU
		{F2A5CFCE-3CFE-4C85-BB54-BD59877980C8}.Debug|Any CPU.Build.0 = Debug|Any CPU
		{F2A5CFCE-3CFE-4C85-BB54-BD59877980C8}.Release|Any CPU.ActiveCfg = Release|Any CPU
		{F2A5CFCE-3CFE-4C85-BB54-BD59877980C8}.Release|Any CPU.Build.0 = Release|Any CPU
		{1C9A3583-730B-4610-BB19-98DF1CFFA3E5}.Debug|Any CPU.ActiveCfg = Debug|Any CPU
		{1C9A3583-730B-4610-BB19-98DF1CFFA3E5}.Debug|Any CPU.Build.0 = Debug|Any CPU
		{1C9A3583-730B-4610-BB19-98DF1CFFA3E5}.Release|Any CPU.ActiveCfg = Release|Any CPU
		{1C9A3583-730B-4610-BB19-98DF1CFFA3E5}.Release|Any CPU.Build.0 = Release|Any CPU
		{F0530241-7EF5-4E70-9F26-FA3AE638960A}.Debug|Any CPU.ActiveCfg = Debug|Any CPU
		{F0530241-7EF5-4E70-9F26-FA3AE638960A}.Debug|Any CPU.Build.0 = Debug|Any CPU
		{F0530241-7EF5-4E70-9F26-FA3AE638960A}.Release|Any CPU.ActiveCfg = Release|Any CPU
		{F0530241-7EF5-4E70-9F26-FA3AE638960A}.Release|Any CPU.Build.0 = Release|Any CPU
		{B6D406B2-AF77-45B1-B10B-4FBA4B78C120}.Debug|Any CPU.ActiveCfg = Debug|Any CPU
		{B6D406B2-AF77-45B1-B10B-4FBA4B78C120}.Debug|Any CPU.Build.0 = Debug|Any CPU
		{B6D406B2-AF77-45B1-B10B-4FBA4B78C120}.Release|Any CPU.ActiveCfg = Release|Any CPU
		{B6D406B2-AF77-45B1-B10B-4FBA4B78C120}.Release|Any CPU.Build.0 = Release|Any CPU
		{64BBAD36-98A3-4888-BF2C-705D24FF131C}.Debug|Any CPU.ActiveCfg = Debug|Any CPU
		{64BBAD36-98A3-4888-BF2C-705D24FF131C}.Debug|Any CPU.Build.0 = Debug|Any CPU
		{64BBAD36-98A3-4888-BF2C-705D24FF131C}.Release|Any CPU.ActiveCfg = Release|Any CPU
		{64BBAD36-98A3-4888-BF2C-705D24FF131C}.Release|Any CPU.Build.0 = Release|Any CPU
		{00F1791E-FB1F-4BCF-A3FE-DAFE2256012A}.Debug|Any CPU.ActiveCfg = Debug|Any CPU
		{00F1791E-FB1F-4BCF-A3FE-DAFE2256012A}.Debug|Any CPU.Build.0 = Debug|Any CPU
		{00F1791E-FB1F-4BCF-A3FE-DAFE2256012A}.Release|Any CPU.ActiveCfg = Release|Any CPU
		{00F1791E-FB1F-4BCF-A3FE-DAFE2256012A}.Release|Any CPU.Build.0 = Release|Any CPU
		{386473F2-8FF3-4C21-B046-66851058D851}.Debug|Any CPU.ActiveCfg = Debug|Any CPU
		{386473F2-8FF3-4C21-B046-66851058D851}.Debug|Any CPU.Build.0 = Debug|Any CPU
		{386473F2-8FF3-4C21-B046-66851058D851}.Release|Any CPU.ActiveCfg = Release|Any CPU
		{386473F2-8FF3-4C21-B046-66851058D851}.Release|Any CPU.Build.0 = Release|Any CPU
		{FCE153A6-295E-4820-B882-4149841D0230}.Debug|Any CPU.ActiveCfg = Debug|Any CPU
		{FCE153A6-295E-4820-B882-4149841D0230}.Debug|Any CPU.Build.0 = Debug|Any CPU
		{FCE153A6-295E-4820-B882-4149841D0230}.Release|Any CPU.ActiveCfg = Release|Any CPU
		{FCE153A6-295E-4820-B882-4149841D0230}.Release|Any CPU.Build.0 = Release|Any CPU
	EndGlobalSection
	GlobalSection(SolutionProperties) = preSolution
		HideSolutionNode = FALSE
	EndGlobalSection
	GlobalSection(ExtensibilityGlobals) = postSolution
		SolutionGuid = {234B946D-2F32-4E4C-9457-DA1F26C7E502}
	EndGlobalSection
EndGlobal
