<Solution>
  <Project Path="AzureCloudServiceBus/AzureCloudServiceBus.Sample.csproj" />
  <Project Path="Compose/Compose.Sample.csproj" />
  <Project Path="GenericResource/GenericResource.Sample.csproj" />
  <Project Path="MongoDb/MongoDb.Sample.csproj" />
  <Project Path="PostgreSql/PostgreSql.Sample.csproj" />
  <Project Path="RabbitMQ/RabbitMQ.Sample.csproj" />
  <Project Path="Redis/Redis.Sample.csproj" />
  <Project Path="Shared/Shared.csproj" />
</Solution>
