<Solution>
  <Project Path="AzureCloudServiceBus/AzureCloudServiceBus.csproj" />
  <Project Path="Compose/Compose.csproj" />
  <Project Path="GenericResource/GenericResource.csproj" />
  <Project Path="MongoDb/MongoDb.csproj" />
  <Project Path="PostgreSql/PostgreSql.csproj" />
  <Project Path="RabbitMQ/RabbitMQ.csproj" />
  <Project Path="Redis/Redis.csproj" />
  <Project Path="Shared/Shared.csproj" />
</Solution>
