Microsoft Visual Studio Solution File, Format Version 12.00
# Visual Studio Version 16
VisualStudioVersion = 16.0.29009.5
MinimumVisualStudioVersion = 15.0.26124.0
Project("{2150E333-8FDC-42A3-9474-1A3956D46DE8}") = "Cloud", "Cloud", "{5E244D5B-B032-458A-BBD2-0A403BBA61F9}"
EndProject
Project("{9A19103F-16F7-4668-BE54-9A1E7A4F7556}") = "Core", "Core\Core.csproj", "{CA387BA6-9CD2-4988-BF75-75D5DB15DA0F}"
EndProject
Project("{9A19103F-16F7-4668-BE54-9A1E7A4F7556}") = "Mongo", "Mongo\Mongo.csproj", "{A46FA6B1-4521-4C53-9D38-5369470FB3D4}"
EndProject
Project("{9A19103F-16F7-4668-BE54-9A1E7A4F7556}") = "SqlServer", "SqlServer\SqlServer.csproj", "{1D2119F0-0EE5-462A-B921-5624037417AF}"
EndProject
Project("{9A19103F-16F7-4668-BE54-9A1E7A4F7556}") = "SqlServer.Tests", "SqlServer.Tests\SqlServer.Tests.csproj", "{20780AE0-885D-41C9-9451-3C7946CCC279}"
EndProject
Project("{9A19103F-16F7-4668-BE54-9A1E7A4F7556}") = "AzureStorage", "AzureStorage\AzureStorage.csproj", "{5FBD7383-0AA3-4C25-A4CF-AE884BF4221E}"
EndProject
Project("{9A19103F-16F7-4668-BE54-9A1E7A4F7556}") = "RabbitMQ", "RabbitMQ\RabbitMQ.csproj", "{F5718594-A112-4A69-AE33-F239EA9AC021}"
EndProject
Project("{9A19103F-16F7-4668-BE54-9A1E7A4F7556}") = "Redis", "Redis\Redis.csproj", "{E6BE1D70-22E0-421F-AF20-85ED925391FB}"
EndProject
Project("{9A19103F-16F7-4668-BE54-9A1E7A4F7556}") = "AzureCloud", "AzureCloud\AzureCloud.csproj", "{A98B7527-6D64-4A7A-A1E2-3D8427EDD41A}"
EndProject
Project("{9A19103F-16F7-4668-BE54-9A1E7A4F7556}") = "AzureCloudServiceBus", "AzureCloudServiceBus\AzureCloudServiceBus.csproj", "{2354DBB6-5B58-4B50-9DE8-AC28AFDBFF30}"
EndProject
Project("{9A19103F-16F7-4668-BE54-9A1E7A4F7556}") = "PostgreSql", "PostgreSql\PostgreSql.csproj", "{E99A4569-1F2C-4080-ADDE-3BDC3FB52070}"
EndProject
Project("{9A19103F-16F7-4668-BE54-9A1E7A4F7556}") = "PostgreSql.Tests", "PostgreSql.Tests\PostgreSql.Tests.csproj", "{0C1FC22C-C6B2-4AD0-AFEF-CB8EFB59580D}"
EndProject
Project("{9A19103F-16F7-4668-BE54-9A1E7A4F7556}") = "Compose", "Compose\Compose.csproj", "{3F8EE0BD-6EBE-46E5-A9DB-020E558634B8}"
EndProject
Project("{9A19103F-16F7-4668-BE54-9A1E7A4F7556}") = "Compose.Tests", "Compose.Tests\Compose.Tests.csproj", "{B31AAAEE-5995-4780-B961-79F82AE3358F}"
EndProject
Project("{9A19103F-16F7-4668-BE54-9A1E7A4F7556}") = "RavenDB.Tests", "RavenDB.Tests\RavenDB.Tests.csproj", "{812303A5-B7A2-4F95-AAC7-F96DD228BBE3}"
EndProject
Project("{9A19103F-16F7-4668-BE54-9A1E7A4F7556}") = "Neo4j", "Neo4j\Neo4j.csproj", "{A8A3F69A-BB6F-4870-BB72-DDD1D042202B}"
EndProject
Project("{9A19103F-16F7-4668-BE54-9A1E7A4F7556}") = "AzureCloudServiceBus.Tests", "AzureCloudServiceBus.Tests\AzureCloudServiceBus.Tests.csproj", "{6CD97354-536A-4208-8F58-8330455D46B6}"
EndProject
Project("{9A19103F-16F7-4668-BE54-9A1E7A4F7556}") = "Core.Tests", "Core.Tests\Core.Tests.csproj", "{7000546B-D237-4312-864E-9418A562D40D}"
EndProject
Project("{9A19103F-16F7-4668-BE54-9A1E7A4F7556}") = "Mongo.Tests", "Mongo.Tests\Mongo.Tests.csproj", "{23975B77-D7A8-4AD1-8E7A-A1F5D62A9169}"
EndProject
Project("{9A19103F-16F7-4668-BE54-9A1E7A4F7556}") = "Elasticsearch", "Elasticsearch\Elasticsearch.csproj", "{592E776A-4816-431D-8093-2612587C294A}"
EndProject
Project("{9A19103F-16F7-4668-BE54-9A1E7A4F7556}") = "Elasticsearch.Tests", "Elasticsearch.Tests\Elasticsearch.Tests.csproj", "{2C70381D-AA76-415D-AC93-86D7349A9D3C}"
EndProject
Project("{9A19103F-16F7-4668-BE54-9A1E7A4F7556}") = "AzureStorage.Tests", "AzureStorage.Tests\AzureStorage.Tests.csproj", "{A6BC2DE0-A4DA-459D-9009-3F2BCAAD1A85}"
EndProject
Project("{9A19103F-16F7-4668-BE54-9A1E7A4F7556}") = "RabbitMQ.Tests", "RabbitMQ.Tests\RabbitMQ.Tests.csproj", "{92FAFECD-64DA-4E0A-9D52-E57AA5C10153}"
EndProject
Project("{9A19103F-16F7-4668-BE54-9A1E7A4F7556}") = "Redis.Tests", "Redis.Tests\Redis.Tests.csproj", "{CB9CEA3E-FFA6-4FAE-9651-BCE370D54B7F}"
EndProject
Project("{9A19103F-16F7-4668-BE54-9A1E7A4F7556}") = "RavenDB", "RavenDB\RavenDB.csproj", "{77771EFA-F539-4896-A7A3-FD9F30BC8C89}"
EndProject
Project("{9A19103F-16F7-4668-BE54-9A1E7A4F7556}") = "Neo4j.Tests", "Neo4j.Tests\Neo4j.Tests.csproj", "{9F3AB08D-FBA2-49E3-8E23-2EB14586663F}"
EndProject
Project("{9A19103F-16F7-4668-BE54-9A1E7A4F7556}") = "MySql", "MySql\MySql.csproj", "{05FDCF27-52F3-42FB-B1E3-6DC3DC2BCED3}"
EndProject
Project("{9A19103F-16F7-4668-BE54-9A1E7A4F7556}") = "MySql.Tests", "MySql.Tests\MySql.Tests.csproj", "{DB7CFB70-823A-4BFD-B454-5A3CBC124CA6}"
EndProject
Project("{9A19103F-16F7-4668-BE54-9A1E7A4F7556}") = "MariaDB", "MariaDB\MariaDB.csproj", "{D540BECA-F948-4E96-8071-BE424CA11CE7}"
EndProject
Project("{9A19103F-16F7-4668-BE54-9A1E7A4F7556}") = "MariaDB.Tests", "MariaDB.Tests\MariaDB.Tests.csproj", "{D3FDE4B9-0DBF-47FC-B72A-4ED5D603AFE6}"
EndProject
Project("{9A19103F-16F7-4668-BE54-9A1E7A4F7556}") = "AzureCloudKeyVault.Core", "AzureCloudKeyVault.Core\AzureCloudKeyVault.Core.csproj", "{8F877C8F-B46E-4684-95C5-53DA57B14BDC}"
EndProject
Project("{9A19103F-16F7-4668-BE54-9A1E7A4F7556}") = "AzureCloudKeyVault.Tests", "AzureCloudKeyVault.Tests\AzureCloudKeyVault.Tests.csproj", "{A4A1379E-C93D-4216-9861-378FB7BBFA27}"
EndProject
Project("{FAE04EC0-301F-11D3-BF4B-00C04F79EFBC}") = "S3", "S3\S3.csproj", "{72F7FB56-AC1D-4BC3-AA79-61F52B59ED4A}"
EndProject
Project("{FAE04EC0-301F-11D3-BF4B-00C04F79EFBC}") = "S3.Tests", "S3.Tests\S3.Tests.csproj", "{217D9180-DBDE-43C1-88F3-53A06A35074A}"
EndProject
Global
	GlobalSection(SolutionConfigurationPlatforms) = preSolution
		Debug|Any CPU = Debug|Any CPU
		Debug|x64 = Debug|x64
		Debug|x86 = Debug|x86
		Release|Any CPU = Release|Any CPU
		Release|x64 = Release|x64
		Release|x86 = Release|x86
	EndGlobalSection
	GlobalSection(ProjectConfigurationPlatforms) = postSolution
		{CA387BA6-9CD2-4988-BF75-75D5DB15DA0F}.Debug|Any CPU.ActiveCfg = Debug|Any CPU
		{CA387BA6-9CD2-4988-BF75-75D5DB15DA0F}.Debug|Any CPU.Build.0 = Debug|Any CPU
		{CA387BA6-9CD2-4988-BF75-75D5DB15DA0F}.Debug|x64.ActiveCfg = Debug|Any CPU
		{CA387BA6-9CD2-4988-BF75-75D5DB15DA0F}.Debug|x64.Build.0 = Debug|Any CPU
		{CA387BA6-9CD2-4988-BF75-75D5DB15DA0F}.Debug|x86.ActiveCfg = Debug|Any CPU
		{CA387BA6-9CD2-4988-BF75-75D5DB15DA0F}.Debug|x86.Build.0 = Debug|Any CPU
		{CA387BA6-9CD2-4988-BF75-75D5DB15DA0F}.Release|Any CPU.ActiveCfg = Release|Any CPU
		{CA387BA6-9CD2-4988-BF75-75D5DB15DA0F}.Release|Any CPU.Build.0 = Release|Any CPU
		{CA387BA6-9CD2-4988-BF75-75D5DB15DA0F}.Release|x64.ActiveCfg = Release|Any CPU
		{CA387BA6-9CD2-4988-BF75-75D5DB15DA0F}.Release|x64.Build.0 = Release|Any CPU
		{CA387BA6-9CD2-4988-BF75-75D5DB15DA0F}.Release|x86.ActiveCfg = Release|Any CPU
		{CA387BA6-9CD2-4988-BF75-75D5DB15DA0F}.Release|x86.Build.0 = Release|Any CPU
		{A46FA6B1-4521-4C53-9D38-5369470FB3D4}.Debug|Any CPU.ActiveCfg = Debug|Any CPU
		{A46FA6B1-4521-4C53-9D38-5369470FB3D4}.Debug|Any CPU.Build.0 = Debug|Any CPU
		{A46FA6B1-4521-4C53-9D38-5369470FB3D4}.Debug|x64.ActiveCfg = Debug|Any CPU
		{A46FA6B1-4521-4C53-9D38-5369470FB3D4}.Debug|x64.Build.0 = Debug|Any CPU
		{A46FA6B1-4521-4C53-9D38-5369470FB3D4}.Debug|x86.ActiveCfg = Debug|Any CPU
		{A46FA6B1-4521-4C53-9D38-5369470FB3D4}.Debug|x86.Build.0 = Debug|Any CPU
		{A46FA6B1-4521-4C53-9D38-5369470FB3D4}.Release|Any CPU.ActiveCfg = Release|Any CPU
		{A46FA6B1-4521-4C53-9D38-5369470FB3D4}.Release|Any CPU.Build.0 = Release|Any CPU
		{A46FA6B1-4521-4C53-9D38-5369470FB3D4}.Release|x64.ActiveCfg = Release|Any CPU
		{A46FA6B1-4521-4C53-9D38-5369470FB3D4}.Release|x64.Build.0 = Release|Any CPU
		{A46FA6B1-4521-4C53-9D38-5369470FB3D4}.Release|x86.ActiveCfg = Release|Any CPU
		{A46FA6B1-4521-4C53-9D38-5369470FB3D4}.Release|x86.Build.0 = Release|Any CPU
		{1D2119F0-0EE5-462A-B921-5624037417AF}.Debug|Any CPU.ActiveCfg = Debug|Any CPU
		{1D2119F0-0EE5-462A-B921-5624037417AF}.Debug|Any CPU.Build.0 = Debug|Any CPU
		{1D2119F0-0EE5-462A-B921-5624037417AF}.Debug|x64.ActiveCfg = Debug|Any CPU
		{1D2119F0-0EE5-462A-B921-5624037417AF}.Debug|x64.Build.0 = Debug|Any CPU
		{1D2119F0-0EE5-462A-B921-5624037417AF}.Debug|x86.ActiveCfg = Debug|Any CPU
		{1D2119F0-0EE5-462A-B921-5624037417AF}.Debug|x86.Build.0 = Debug|Any CPU
		{1D2119F0-0EE5-462A-B921-5624037417AF}.Release|Any CPU.ActiveCfg = Release|Any CPU
		{1D2119F0-0EE5-462A-B921-5624037417AF}.Release|Any CPU.Build.0 = Release|Any CPU
		{1D2119F0-0EE5-462A-B921-5624037417AF}.Release|x64.ActiveCfg = Release|Any CPU
		{1D2119F0-0EE5-462A-B921-5624037417AF}.Release|x64.Build.0 = Release|Any CPU
		{1D2119F0-0EE5-462A-B921-5624037417AF}.Release|x86.ActiveCfg = Release|Any CPU
		{1D2119F0-0EE5-462A-B921-5624037417AF}.Release|x86.Build.0 = Release|Any CPU
		{20780AE0-885D-41C9-9451-3C7946CCC279}.Debug|Any CPU.ActiveCfg = Debug|Any CPU
		{20780AE0-885D-41C9-9451-3C7946CCC279}.Debug|Any CPU.Build.0 = Debug|Any CPU
		{20780AE0-885D-41C9-9451-3C7946CCC279}.Debug|x64.ActiveCfg = Debug|Any CPU
		{20780AE0-885D-41C9-9451-3C7946CCC279}.Debug|x64.Build.0 = Debug|Any CPU
		{20780AE0-885D-41C9-9451-3C7946CCC279}.Debug|x86.ActiveCfg = Debug|Any CPU
		{20780AE0-885D-41C9-9451-3C7946CCC279}.Debug|x86.Build.0 = Debug|Any CPU
		{20780AE0-885D-41C9-9451-3C7946CCC279}.Release|Any CPU.ActiveCfg = Release|Any CPU
		{20780AE0-885D-41C9-9451-3C7946CCC279}.Release|Any CPU.Build.0 = Release|Any CPU
		{20780AE0-885D-41C9-9451-3C7946CCC279}.Release|x64.ActiveCfg = Release|Any CPU
		{20780AE0-885D-41C9-9451-3C7946CCC279}.Release|x64.Build.0 = Release|Any CPU
		{20780AE0-885D-41C9-9451-3C7946CCC279}.Release|x86.ActiveCfg = Release|Any CPU
		{20780AE0-885D-41C9-9451-3C7946CCC279}.Release|x86.Build.0 = Release|Any CPU
		{5FBD7383-0AA3-4C25-A4CF-AE884BF4221E}.Debug|Any CPU.ActiveCfg = Debug|Any CPU
		{5FBD7383-0AA3-4C25-A4CF-AE884BF4221E}.Debug|Any CPU.Build.0 = Debug|Any CPU
		{5FBD7383-0AA3-4C25-A4CF-AE884BF4221E}.Debug|x64.ActiveCfg = Debug|Any CPU
		{5FBD7383-0AA3-4C25-A4CF-AE884BF4221E}.Debug|x64.Build.0 = Debug|Any CPU
		{5FBD7383-0AA3-4C25-A4CF-AE884BF4221E}.Debug|x86.ActiveCfg = Debug|Any CPU
		{5FBD7383-0AA3-4C25-A4CF-AE884BF4221E}.Debug|x86.Build.0 = Debug|Any CPU
		{5FBD7383-0AA3-4C25-A4CF-AE884BF4221E}.Release|Any CPU.ActiveCfg = Release|Any CPU
		{5FBD7383-0AA3-4C25-A4CF-AE884BF4221E}.Release|Any CPU.Build.0 = Release|Any CPU
		{5FBD7383-0AA3-4C25-A4CF-AE884BF4221E}.Release|x64.ActiveCfg = Release|Any CPU
		{5FBD7383-0AA3-4C25-A4CF-AE884BF4221E}.Release|x64.Build.0 = Release|Any CPU
		{5FBD7383-0AA3-4C25-A4CF-AE884BF4221E}.Release|x86.ActiveCfg = Release|Any CPU
		{5FBD7383-0AA3-4C25-A4CF-AE884BF4221E}.Release|x86.Build.0 = Release|Any CPU
		{F5718594-A112-4A69-AE33-F239EA9AC021}.Debug|Any CPU.ActiveCfg = Debug|Any CPU
		{F5718594-A112-4A69-AE33-F239EA9AC021}.Debug|Any CPU.Build.0 = Debug|Any CPU
		{F5718594-A112-4A69-AE33-F239EA9AC021}.Debug|x64.ActiveCfg = Debug|Any CPU
		{F5718594-A112-4A69-AE33-F239EA9AC021}.Debug|x64.Build.0 = Debug|Any CPU
		{F5718594-A112-4A69-AE33-F239EA9AC021}.Debug|x86.ActiveCfg = Debug|Any CPU
		{F5718594-A112-4A69-AE33-F239EA9AC021}.Debug|x86.Build.0 = Debug|Any CPU
		{F5718594-A112-4A69-AE33-F239EA9AC021}.Release|Any CPU.ActiveCfg = Release|Any CPU
		{F5718594-A112-4A69-AE33-F239EA9AC021}.Release|Any CPU.Build.0 = Release|Any CPU
		{F5718594-A112-4A69-AE33-F239EA9AC021}.Release|x64.ActiveCfg = Release|Any CPU
		{F5718594-A112-4A69-AE33-F239EA9AC021}.Release|x64.Build.0 = Release|Any CPU
		{F5718594-A112-4A69-AE33-F239EA9AC021}.Release|x86.ActiveCfg = Release|Any CPU
		{F5718594-A112-4A69-AE33-F239EA9AC021}.Release|x86.Build.0 = Release|Any CPU
		{E6BE1D70-22E0-421F-AF20-85ED925391FB}.Debug|Any CPU.ActiveCfg = Debug|Any CPU
		{E6BE1D70-22E0-421F-AF20-85ED925391FB}.Debug|Any CPU.Build.0 = Debug|Any CPU
		{E6BE1D70-22E0-421F-AF20-85ED925391FB}.Debug|x64.ActiveCfg = Debug|Any CPU
		{E6BE1D70-22E0-421F-AF20-85ED925391FB}.Debug|x64.Build.0 = Debug|Any CPU
		{E6BE1D70-22E0-421F-AF20-85ED925391FB}.Debug|x86.ActiveCfg = Debug|Any CPU
		{E6BE1D70-22E0-421F-AF20-85ED925391FB}.Debug|x86.Build.0 = Debug|Any CPU
		{E6BE1D70-22E0-421F-AF20-85ED925391FB}.Release|Any CPU.ActiveCfg = Release|Any CPU
		{E6BE1D70-22E0-421F-AF20-85ED925391FB}.Release|Any CPU.Build.0 = Release|Any CPU
		{E6BE1D70-22E0-421F-AF20-85ED925391FB}.Release|x64.ActiveCfg = Release|Any CPU
		{E6BE1D70-22E0-421F-AF20-85ED925391FB}.Release|x64.Build.0 = Release|Any CPU
		{E6BE1D70-22E0-421F-AF20-85ED925391FB}.Release|x86.ActiveCfg = Release|Any CPU
		{E6BE1D70-22E0-421F-AF20-85ED925391FB}.Release|x86.Build.0 = Release|Any CPU
		{A98B7527-6D64-4A7A-A1E2-3D8427EDD41A}.Debug|Any CPU.ActiveCfg = Debug|Any CPU
		{A98B7527-6D64-4A7A-A1E2-3D8427EDD41A}.Debug|Any CPU.Build.0 = Debug|Any CPU
		{A98B7527-6D64-4A7A-A1E2-3D8427EDD41A}.Debug|x64.ActiveCfg = Debug|Any CPU
		{A98B7527-6D64-4A7A-A1E2-3D8427EDD41A}.Debug|x64.Build.0 = Debug|Any CPU
		{A98B7527-6D64-4A7A-A1E2-3D8427EDD41A}.Debug|x86.ActiveCfg = Debug|Any CPU
		{A98B7527-6D64-4A7A-A1E2-3D8427EDD41A}.Debug|x86.Build.0 = Debug|Any CPU
		{A98B7527-6D64-4A7A-A1E2-3D8427EDD41A}.Release|Any CPU.ActiveCfg = Release|Any CPU
		{A98B7527-6D64-4A7A-A1E2-3D8427EDD41A}.Release|Any CPU.Build.0 = Release|Any CPU
		{A98B7527-6D64-4A7A-A1E2-3D8427EDD41A}.Release|x64.ActiveCfg = Release|Any CPU
		{A98B7527-6D64-4A7A-A1E2-3D8427EDD41A}.Release|x64.Build.0 = Release|Any CPU
		{A98B7527-6D64-4A7A-A1E2-3D8427EDD41A}.Release|x86.ActiveCfg = Release|Any CPU
		{A98B7527-6D64-4A7A-A1E2-3D8427EDD41A}.Release|x86.Build.0 = Release|Any CPU
		{2354DBB6-5B58-4B50-9DE8-AC28AFDBFF30}.Debug|Any CPU.ActiveCfg = Debug|Any CPU
		{2354DBB6-5B58-4B50-9DE8-AC28AFDBFF30}.Debug|Any CPU.Build.0 = Debug|Any CPU
		{2354DBB6-5B58-4B50-9DE8-AC28AFDBFF30}.Debug|x64.ActiveCfg = Debug|Any CPU
		{2354DBB6-5B58-4B50-9DE8-AC28AFDBFF30}.Debug|x64.Build.0 = Debug|Any CPU
		{2354DBB6-5B58-4B50-9DE8-AC28AFDBFF30}.Debug|x86.ActiveCfg = Debug|Any CPU
		{2354DBB6-5B58-4B50-9DE8-AC28AFDBFF30}.Debug|x86.Build.0 = Debug|Any CPU
		{2354DBB6-5B58-4B50-9DE8-AC28AFDBFF30}.Release|Any CPU.ActiveCfg = Release|Any CPU
		{2354DBB6-5B58-4B50-9DE8-AC28AFDBFF30}.Release|Any CPU.Build.0 = Release|Any CPU
		{2354DBB6-5B58-4B50-9DE8-AC28AFDBFF30}.Release|x64.ActiveCfg = Release|Any CPU
		{2354DBB6-5B58-4B50-9DE8-AC28AFDBFF30}.Release|x64.Build.0 = Release|Any CPU
		{2354DBB6-5B58-4B50-9DE8-AC28AFDBFF30}.Release|x86.ActiveCfg = Release|Any CPU
		{2354DBB6-5B58-4B50-9DE8-AC28AFDBFF30}.Release|x86.Build.0 = Release|Any CPU
		{E99A4569-1F2C-4080-ADDE-3BDC3FB52070}.Debug|Any CPU.ActiveCfg = Debug|Any CPU
		{E99A4569-1F2C-4080-ADDE-3BDC3FB52070}.Debug|Any CPU.Build.0 = Debug|Any CPU
		{E99A4569-1F2C-4080-ADDE-3BDC3FB52070}.Debug|x64.ActiveCfg = Debug|Any CPU
		{E99A4569-1F2C-4080-ADDE-3BDC3FB52070}.Debug|x64.Build.0 = Debug|Any CPU
		{E99A4569-1F2C-4080-ADDE-3BDC3FB52070}.Debug|x86.ActiveCfg = Debug|Any CPU
		{E99A4569-1F2C-4080-ADDE-3BDC3FB52070}.Debug|x86.Build.0 = Debug|Any CPU
		{E99A4569-1F2C-4080-ADDE-3BDC3FB52070}.Release|Any CPU.ActiveCfg = Release|Any CPU
		{E99A4569-1F2C-4080-ADDE-3BDC3FB52070}.Release|Any CPU.Build.0 = Release|Any CPU
		{E99A4569-1F2C-4080-ADDE-3BDC3FB52070}.Release|x64.ActiveCfg = Release|Any CPU
		{E99A4569-1F2C-4080-ADDE-3BDC3FB52070}.Release|x64.Build.0 = Release|Any CPU
		{E99A4569-1F2C-4080-ADDE-3BDC3FB52070}.Release|x86.ActiveCfg = Release|Any CPU
		{E99A4569-1F2C-4080-ADDE-3BDC3FB52070}.Release|x86.Build.0 = Release|Any CPU
		{0C1FC22C-C6B2-4AD0-AFEF-CB8EFB59580D}.Debug|Any CPU.ActiveCfg = Debug|Any CPU
		{0C1FC22C-C6B2-4AD0-AFEF-CB8EFB59580D}.Debug|Any CPU.Build.0 = Debug|Any CPU
		{0C1FC22C-C6B2-4AD0-AFEF-CB8EFB59580D}.Debug|x64.ActiveCfg = Debug|Any CPU
		{0C1FC22C-C6B2-4AD0-AFEF-CB8EFB59580D}.Debug|x64.Build.0 = Debug|Any CPU
		{0C1FC22C-C6B2-4AD0-AFEF-CB8EFB59580D}.Debug|x86.ActiveCfg = Debug|Any CPU
		{0C1FC22C-C6B2-4AD0-AFEF-CB8EFB59580D}.Debug|x86.Build.0 = Debug|Any CPU
		{0C1FC22C-C6B2-4AD0-AFEF-CB8EFB59580D}.Release|Any CPU.ActiveCfg = Release|Any CPU
		{0C1FC22C-C6B2-4AD0-AFEF-CB8EFB59580D}.Release|Any CPU.Build.0 = Release|Any CPU
		{0C1FC22C-C6B2-4AD0-AFEF-CB8EFB59580D}.Release|x64.ActiveCfg = Release|Any CPU
		{0C1FC22C-C6B2-4AD0-AFEF-CB8EFB59580D}.Release|x64.Build.0 = Release|Any CPU
		{0C1FC22C-C6B2-4AD0-AFEF-CB8EFB59580D}.Release|x86.ActiveCfg = Release|Any CPU
		{0C1FC22C-C6B2-4AD0-AFEF-CB8EFB59580D}.Release|x86.Build.0 = Release|Any CPU
		{3F8EE0BD-6EBE-46E5-A9DB-020E558634B8}.Debug|Any CPU.ActiveCfg = Debug|Any CPU
		{3F8EE0BD-6EBE-46E5-A9DB-020E558634B8}.Debug|Any CPU.Build.0 = Debug|Any CPU
		{3F8EE0BD-6EBE-46E5-A9DB-020E558634B8}.Debug|x64.ActiveCfg = Debug|Any CPU
		{3F8EE0BD-6EBE-46E5-A9DB-020E558634B8}.Debug|x64.Build.0 = Debug|Any CPU
		{3F8EE0BD-6EBE-46E5-A9DB-020E558634B8}.Debug|x86.ActiveCfg = Debug|Any CPU
		{3F8EE0BD-6EBE-46E5-A9DB-020E558634B8}.Debug|x86.Build.0 = Debug|Any CPU
		{3F8EE0BD-6EBE-46E5-A9DB-020E558634B8}.Release|Any CPU.ActiveCfg = Release|Any CPU
		{3F8EE0BD-6EBE-46E5-A9DB-020E558634B8}.Release|Any CPU.Build.0 = Release|Any CPU
		{3F8EE0BD-6EBE-46E5-A9DB-020E558634B8}.Release|x64.ActiveCfg = Release|Any CPU
		{3F8EE0BD-6EBE-46E5-A9DB-020E558634B8}.Release|x64.Build.0 = Release|Any CPU
		{3F8EE0BD-6EBE-46E5-A9DB-020E558634B8}.Release|x86.ActiveCfg = Release|Any CPU
		{3F8EE0BD-6EBE-46E5-A9DB-020E558634B8}.Release|x86.Build.0 = Release|Any CPU
		{B31AAAEE-5995-4780-B961-79F82AE3358F}.Debug|Any CPU.ActiveCfg = Debug|Any CPU
		{B31AAAEE-5995-4780-B961-79F82AE3358F}.Debug|Any CPU.Build.0 = Debug|Any CPU
		{B31AAAEE-5995-4780-B961-79F82AE3358F}.Debug|x64.ActiveCfg = Debug|Any CPU
		{B31AAAEE-5995-4780-B961-79F82AE3358F}.Debug|x64.Build.0 = Debug|Any CPU
		{B31AAAEE-5995-4780-B961-79F82AE3358F}.Debug|x86.ActiveCfg = Debug|Any CPU
		{B31AAAEE-5995-4780-B961-79F82AE3358F}.Debug|x86.Build.0 = Debug|Any CPU
		{B31AAAEE-5995-4780-B961-79F82AE3358F}.Release|Any CPU.ActiveCfg = Release|Any CPU
		{B31AAAEE-5995-4780-B961-79F82AE3358F}.Release|Any CPU.Build.0 = Release|Any CPU
		{B31AAAEE-5995-4780-B961-79F82AE3358F}.Release|x64.ActiveCfg = Release|Any CPU
		{B31AAAEE-5995-4780-B961-79F82AE3358F}.Release|x64.Build.0 = Release|Any CPU
		{B31AAAEE-5995-4780-B961-79F82AE3358F}.Release|x86.ActiveCfg = Release|Any CPU
		{B31AAAEE-5995-4780-B961-79F82AE3358F}.Release|x86.Build.0 = Release|Any CPU
		{812303A5-B7A2-4F95-AAC7-F96DD228BBE3}.Debug|Any CPU.ActiveCfg = Debug|Any CPU
		{812303A5-B7A2-4F95-AAC7-F96DD228BBE3}.Debug|Any CPU.Build.0 = Debug|Any CPU
		{812303A5-B7A2-4F95-AAC7-F96DD228BBE3}.Debug|x64.ActiveCfg = Debug|Any CPU
		{812303A5-B7A2-4F95-AAC7-F96DD228BBE3}.Debug|x64.Build.0 = Debug|Any CPU
		{812303A5-B7A2-4F95-AAC7-F96DD228BBE3}.Debug|x86.ActiveCfg = Debug|Any CPU
		{812303A5-B7A2-4F95-AAC7-F96DD228BBE3}.Debug|x86.Build.0 = Debug|Any CPU
		{812303A5-B7A2-4F95-AAC7-F96DD228BBE3}.Release|Any CPU.ActiveCfg = Release|Any CPU
		{812303A5-B7A2-4F95-AAC7-F96DD228BBE3}.Release|Any CPU.Build.0 = Release|Any CPU
		{812303A5-B7A2-4F95-AAC7-F96DD228BBE3}.Release|x64.ActiveCfg = Release|Any CPU
		{812303A5-B7A2-4F95-AAC7-F96DD228BBE3}.Release|x64.Build.0 = Release|Any CPU
		{812303A5-B7A2-4F95-AAC7-F96DD228BBE3}.Release|x86.ActiveCfg = Release|Any CPU
		{812303A5-B7A2-4F95-AAC7-F96DD228BBE3}.Release|x86.Build.0 = Release|Any CPU
		{A8A3F69A-BB6F-4870-BB72-DDD1D042202B}.Debug|Any CPU.ActiveCfg = Debug|Any CPU
		{A8A3F69A-BB6F-4870-BB72-DDD1D042202B}.Debug|Any CPU.Build.0 = Debug|Any CPU
		{A8A3F69A-BB6F-4870-BB72-DDD1D042202B}.Debug|x64.ActiveCfg = Debug|Any CPU
		{A8A3F69A-BB6F-4870-BB72-DDD1D042202B}.Debug|x64.Build.0 = Debug|Any CPU
		{A8A3F69A-BB6F-4870-BB72-DDD1D042202B}.Debug|x86.ActiveCfg = Debug|Any CPU
		{A8A3F69A-BB6F-4870-BB72-DDD1D042202B}.Debug|x86.Build.0 = Debug|Any CPU
		{A8A3F69A-BB6F-4870-BB72-DDD1D042202B}.Release|Any CPU.ActiveCfg = Release|Any CPU
		{A8A3F69A-BB6F-4870-BB72-DDD1D042202B}.Release|Any CPU.Build.0 = Release|Any CPU
		{A8A3F69A-BB6F-4870-BB72-DDD1D042202B}.Release|x64.ActiveCfg = Release|Any CPU
		{A8A3F69A-BB6F-4870-BB72-DDD1D042202B}.Release|x64.Build.0 = Release|Any CPU
		{A8A3F69A-BB6F-4870-BB72-DDD1D042202B}.Release|x86.ActiveCfg = Release|Any CPU
		{A8A3F69A-BB6F-4870-BB72-DDD1D042202B}.Release|x86.Build.0 = Release|Any CPU
		{6CD97354-536A-4208-8F58-8330455D46B6}.Debug|Any CPU.ActiveCfg = Debug|Any CPU
		{6CD97354-536A-4208-8F58-8330455D46B6}.Debug|Any CPU.Build.0 = Debug|Any CPU
		{6CD97354-536A-4208-8F58-8330455D46B6}.Debug|x64.ActiveCfg = Debug|Any CPU
		{6CD97354-536A-4208-8F58-8330455D46B6}.Debug|x64.Build.0 = Debug|Any CPU
		{6CD97354-536A-4208-8F58-8330455D46B6}.Debug|x86.ActiveCfg = Debug|Any CPU
		{6CD97354-536A-4208-8F58-8330455D46B6}.Debug|x86.Build.0 = Debug|Any CPU
		{6CD97354-536A-4208-8F58-8330455D46B6}.Release|Any CPU.ActiveCfg = Release|Any CPU
		{6CD97354-536A-4208-8F58-8330455D46B6}.Release|Any CPU.Build.0 = Release|Any CPU
		{6CD97354-536A-4208-8F58-8330455D46B6}.Release|x64.ActiveCfg = Release|Any CPU
		{6CD97354-536A-4208-8F58-8330455D46B6}.Release|x64.Build.0 = Release|Any CPU
		{6CD97354-536A-4208-8F58-8330455D46B6}.Release|x86.ActiveCfg = Release|Any CPU
		{6CD97354-536A-4208-8F58-8330455D46B6}.Release|x86.Build.0 = Release|Any CPU
		{7000546B-D237-4312-864E-9418A562D40D}.Debug|Any CPU.ActiveCfg = Debug|Any CPU
		{7000546B-D237-4312-864E-9418A562D40D}.Debug|Any CPU.Build.0 = Debug|Any CPU
		{7000546B-D237-4312-864E-9418A562D40D}.Debug|x64.ActiveCfg = Debug|Any CPU
		{7000546B-D237-4312-864E-9418A562D40D}.Debug|x64.Build.0 = Debug|Any CPU
		{7000546B-D237-4312-864E-9418A562D40D}.Debug|x86.ActiveCfg = Debug|Any CPU
		{7000546B-D237-4312-864E-9418A562D40D}.Debug|x86.Build.0 = Debug|Any CPU
		{7000546B-D237-4312-864E-9418A562D40D}.Release|Any CPU.ActiveCfg = Release|Any CPU
		{7000546B-D237-4312-864E-9418A562D40D}.Release|Any CPU.Build.0 = Release|Any CPU
		{7000546B-D237-4312-864E-9418A562D40D}.Release|x64.ActiveCfg = Release|Any CPU
		{7000546B-D237-4312-864E-9418A562D40D}.Release|x64.Build.0 = Release|Any CPU
		{7000546B-D237-4312-864E-9418A562D40D}.Release|x86.ActiveCfg = Release|Any CPU
		{7000546B-D237-4312-864E-9418A562D40D}.Release|x86.Build.0 = Release|Any CPU
		{23975B77-D7A8-4AD1-8E7A-A1F5D62A9169}.Debug|Any CPU.ActiveCfg = Debug|Any CPU
		{23975B77-D7A8-4AD1-8E7A-A1F5D62A9169}.Debug|Any CPU.Build.0 = Debug|Any CPU
		{23975B77-D7A8-4AD1-8E7A-A1F5D62A9169}.Debug|x64.ActiveCfg = Debug|Any CPU
		{23975B77-D7A8-4AD1-8E7A-A1F5D62A9169}.Debug|x64.Build.0 = Debug|Any CPU
		{23975B77-D7A8-4AD1-8E7A-A1F5D62A9169}.Debug|x86.ActiveCfg = Debug|Any CPU
		{23975B77-D7A8-4AD1-8E7A-A1F5D62A9169}.Debug|x86.Build.0 = Debug|Any CPU
		{23975B77-D7A8-4AD1-8E7A-A1F5D62A9169}.Release|Any CPU.ActiveCfg = Release|Any CPU
		{23975B77-D7A8-4AD1-8E7A-A1F5D62A9169}.Release|Any CPU.Build.0 = Release|Any CPU
		{23975B77-D7A8-4AD1-8E7A-A1F5D62A9169}.Release|x64.ActiveCfg = Release|Any CPU
		{23975B77-D7A8-4AD1-8E7A-A1F5D62A9169}.Release|x64.Build.0 = Release|Any CPU
		{23975B77-D7A8-4AD1-8E7A-A1F5D62A9169}.Release|x86.ActiveCfg = Release|Any CPU
		{23975B77-D7A8-4AD1-8E7A-A1F5D62A9169}.Release|x86.Build.0 = Release|Any CPU
		{592E776A-4816-431D-8093-2612587C294A}.Debug|Any CPU.ActiveCfg = Debug|Any CPU
		{592E776A-4816-431D-8093-2612587C294A}.Debug|Any CPU.Build.0 = Debug|Any CPU
		{592E776A-4816-431D-8093-2612587C294A}.Debug|x64.ActiveCfg = Debug|Any CPU
		{592E776A-4816-431D-8093-2612587C294A}.Debug|x64.Build.0 = Debug|Any CPU
		{592E776A-4816-431D-8093-2612587C294A}.Debug|x86.ActiveCfg = Debug|Any CPU
		{592E776A-4816-431D-8093-2612587C294A}.Debug|x86.Build.0 = Debug|Any CPU
		{592E776A-4816-431D-8093-2612587C294A}.Release|Any CPU.ActiveCfg = Release|Any CPU
		{592E776A-4816-431D-8093-2612587C294A}.Release|Any CPU.Build.0 = Release|Any CPU
		{592E776A-4816-431D-8093-2612587C294A}.Release|x64.ActiveCfg = Release|Any CPU
		{592E776A-4816-431D-8093-2612587C294A}.Release|x64.Build.0 = Release|Any CPU
		{592E776A-4816-431D-8093-2612587C294A}.Release|x86.ActiveCfg = Release|Any CPU
		{592E776A-4816-431D-8093-2612587C294A}.Release|x86.Build.0 = Release|Any CPU
		{2C70381D-AA76-415D-AC93-86D7349A9D3C}.Debug|Any CPU.ActiveCfg = Debug|Any CPU
		{2C70381D-AA76-415D-AC93-86D7349A9D3C}.Debug|Any CPU.Build.0 = Debug|Any CPU
		{2C70381D-AA76-415D-AC93-86D7349A9D3C}.Debug|x64.ActiveCfg = Debug|Any CPU
		{2C70381D-AA76-415D-AC93-86D7349A9D3C}.Debug|x64.Build.0 = Debug|Any CPU
		{2C70381D-AA76-415D-AC93-86D7349A9D3C}.Debug|x86.ActiveCfg = Debug|Any CPU
		{2C70381D-AA76-415D-AC93-86D7349A9D3C}.Debug|x86.Build.0 = Debug|Any CPU
		{2C70381D-AA76-415D-AC93-86D7349A9D3C}.Release|Any CPU.ActiveCfg = Release|Any CPU
		{2C70381D-AA76-415D-AC93-86D7349A9D3C}.Release|Any CPU.Build.0 = Release|Any CPU
		{2C70381D-AA76-415D-AC93-86D7349A9D3C}.Release|x64.ActiveCfg = Release|Any CPU
		{2C70381D-AA76-415D-AC93-86D7349A9D3C}.Release|x64.Build.0 = Release|Any CPU
		{2C70381D-AA76-415D-AC93-86D7349A9D3C}.Release|x86.ActiveCfg = Release|Any CPU
		{2C70381D-AA76-415D-AC93-86D7349A9D3C}.Release|x86.Build.0 = Release|Any CPU
		{A6BC2DE0-A4DA-459D-9009-3F2BCAAD1A85}.Debug|Any CPU.ActiveCfg = Debug|Any CPU
		{A6BC2DE0-A4DA-459D-9009-3F2BCAAD1A85}.Debug|Any CPU.Build.0 = Debug|Any CPU
		{A6BC2DE0-A4DA-459D-9009-3F2BCAAD1A85}.Debug|x64.ActiveCfg = Debug|Any CPU
		{A6BC2DE0-A4DA-459D-9009-3F2BCAAD1A85}.Debug|x64.Build.0 = Debug|Any CPU
		{A6BC2DE0-A4DA-459D-9009-3F2BCAAD1A85}.Debug|x86.ActiveCfg = Debug|Any CPU
		{A6BC2DE0-A4DA-459D-9009-3F2BCAAD1A85}.Debug|x86.Build.0 = Debug|Any CPU
		{A6BC2DE0-A4DA-459D-9009-3F2BCAAD1A85}.Release|Any CPU.ActiveCfg = Release|Any CPU
		{A6BC2DE0-A4DA-459D-9009-3F2BCAAD1A85}.Release|Any CPU.Build.0 = Release|Any CPU
		{A6BC2DE0-A4DA-459D-9009-3F2BCAAD1A85}.Release|x64.ActiveCfg = Release|Any CPU
		{A6BC2DE0-A4DA-459D-9009-3F2BCAAD1A85}.Release|x64.Build.0 = Release|Any CPU
		{A6BC2DE0-A4DA-459D-9009-3F2BCAAD1A85}.Release|x86.ActiveCfg = Release|Any CPU
		{A6BC2DE0-A4DA-459D-9009-3F2BCAAD1A85}.Release|x86.Build.0 = Release|Any CPU
		{92FAFECD-64DA-4E0A-9D52-E57AA5C10153}.Debug|Any CPU.ActiveCfg = Debug|Any CPU
		{92FAFECD-64DA-4E0A-9D52-E57AA5C10153}.Debug|Any CPU.Build.0 = Debug|Any CPU
		{92FAFECD-64DA-4E0A-9D52-E57AA5C10153}.Debug|x64.ActiveCfg = Debug|Any CPU
		{92FAFECD-64DA-4E0A-9D52-E57AA5C10153}.Debug|x64.Build.0 = Debug|Any CPU
		{92FAFECD-64DA-4E0A-9D52-E57AA5C10153}.Debug|x86.ActiveCfg = Debug|Any CPU
		{92FAFECD-64DA-4E0A-9D52-E57AA5C10153}.Debug|x86.Build.0 = Debug|Any CPU
		{92FAFECD-64DA-4E0A-9D52-E57AA5C10153}.Release|Any CPU.ActiveCfg = Release|Any CPU
		{92FAFECD-64DA-4E0A-9D52-E57AA5C10153}.Release|Any CPU.Build.0 = Release|Any CPU
		{92FAFECD-64DA-4E0A-9D52-E57AA5C10153}.Release|x64.ActiveCfg = Release|Any CPU
		{92FAFECD-64DA-4E0A-9D52-E57AA5C10153}.Release|x64.Build.0 = Release|Any CPU
		{92FAFECD-64DA-4E0A-9D52-E57AA5C10153}.Release|x86.ActiveCfg = Release|Any CPU
		{92FAFECD-64DA-4E0A-9D52-E57AA5C10153}.Release|x86.Build.0 = Release|Any CPU
		{CB9CEA3E-FFA6-4FAE-9651-BCE370D54B7F}.Debug|Any CPU.ActiveCfg = Debug|Any CPU
		{CB9CEA3E-FFA6-4FAE-9651-BCE370D54B7F}.Debug|Any CPU.Build.0 = Debug|Any CPU
		{CB9CEA3E-FFA6-4FAE-9651-BCE370D54B7F}.Debug|x64.ActiveCfg = Debug|Any CPU
		{CB9CEA3E-FFA6-4FAE-9651-BCE370D54B7F}.Debug|x64.Build.0 = Debug|Any CPU
		{CB9CEA3E-FFA6-4FAE-9651-BCE370D54B7F}.Debug|x86.ActiveCfg = Debug|Any CPU
		{CB9CEA3E-FFA6-4FAE-9651-BCE370D54B7F}.Debug|x86.Build.0 = Debug|Any CPU
		{CB9CEA3E-FFA6-4FAE-9651-BCE370D54B7F}.Release|Any CPU.ActiveCfg = Release|Any CPU
		{CB9CEA3E-FFA6-4FAE-9651-BCE370D54B7F}.Release|Any CPU.Build.0 = Release|Any CPU
		{CB9CEA3E-FFA6-4FAE-9651-BCE370D54B7F}.Release|x64.ActiveCfg = Release|Any CPU
		{CB9CEA3E-FFA6-4FAE-9651-BCE370D54B7F}.Release|x64.Build.0 = Release|Any CPU
		{CB9CEA3E-FFA6-4FAE-9651-BCE370D54B7F}.Release|x86.ActiveCfg = Release|Any CPU
		{CB9CEA3E-FFA6-4FAE-9651-BCE370D54B7F}.Release|x86.Build.0 = Release|Any CPU
		{77771EFA-F539-4896-A7A3-FD9F30BC8C89}.Debug|Any CPU.ActiveCfg = Debug|Any CPU
		{77771EFA-F539-4896-A7A3-FD9F30BC8C89}.Debug|Any CPU.Build.0 = Debug|Any CPU
		{77771EFA-F539-4896-A7A3-FD9F30BC8C89}.Debug|x64.ActiveCfg = Debug|Any CPU
		{77771EFA-F539-4896-A7A3-FD9F30BC8C89}.Debug|x64.Build.0 = Debug|Any CPU
		{77771EFA-F539-4896-A7A3-FD9F30BC8C89}.Debug|x86.ActiveCfg = Debug|Any CPU
		{77771EFA-F539-4896-A7A3-FD9F30BC8C89}.Debug|x86.Build.0 = Debug|Any CPU
		{77771EFA-F539-4896-A7A3-FD9F30BC8C89}.Release|Any CPU.ActiveCfg = Release|Any CPU
		{77771EFA-F539-4896-A7A3-FD9F30BC8C89}.Release|Any CPU.Build.0 = Release|Any CPU
		{77771EFA-F539-4896-A7A3-FD9F30BC8C89}.Release|x64.ActiveCfg = Release|Any CPU
		{77771EFA-F539-4896-A7A3-FD9F30BC8C89}.Release|x64.Build.0 = Release|Any CPU
		{77771EFA-F539-4896-A7A3-FD9F30BC8C89}.Release|x86.ActiveCfg = Release|Any CPU
		{77771EFA-F539-4896-A7A3-FD9F30BC8C89}.Release|x86.Build.0 = Release|Any CPU
		{9F3AB08D-FBA2-49E3-8E23-2EB14586663F}.Debug|Any CPU.ActiveCfg = Debug|Any CPU
		{9F3AB08D-FBA2-49E3-8E23-2EB14586663F}.Debug|Any CPU.Build.0 = Debug|Any CPU
		{9F3AB08D-FBA2-49E3-8E23-2EB14586663F}.Debug|x64.ActiveCfg = Debug|Any CPU
		{9F3AB08D-FBA2-49E3-8E23-2EB14586663F}.Debug|x64.Build.0 = Debug|Any CPU
		{9F3AB08D-FBA2-49E3-8E23-2EB14586663F}.Debug|x86.ActiveCfg = Debug|Any CPU
		{9F3AB08D-FBA2-49E3-8E23-2EB14586663F}.Debug|x86.Build.0 = Debug|Any CPU
		{9F3AB08D-FBA2-49E3-8E23-2EB14586663F}.Release|Any CPU.ActiveCfg = Release|Any CPU
		{9F3AB08D-FBA2-49E3-8E23-2EB14586663F}.Release|Any CPU.Build.0 = Release|Any CPU
		{9F3AB08D-FBA2-49E3-8E23-2EB14586663F}.Release|x64.ActiveCfg = Release|Any CPU
		{9F3AB08D-FBA2-49E3-8E23-2EB14586663F}.Release|x64.Build.0 = Release|Any CPU
		{9F3AB08D-FBA2-49E3-8E23-2EB14586663F}.Release|x86.ActiveCfg = Release|Any CPU
		{9F3AB08D-FBA2-49E3-8E23-2EB14586663F}.Release|x86.Build.0 = Release|Any CPU
		{05FDCF27-52F3-42FB-B1E3-6DC3DC2BCED3}.Debug|Any CPU.ActiveCfg = Debug|Any CPU
		{05FDCF27-52F3-42FB-B1E3-6DC3DC2BCED3}.Debug|Any CPU.Build.0 = Debug|Any CPU
		{05FDCF27-52F3-42FB-B1E3-6DC3DC2BCED3}.Debug|x64.ActiveCfg = Debug|Any CPU
		{05FDCF27-52F3-42FB-B1E3-6DC3DC2BCED3}.Debug|x64.Build.0 = Debug|Any CPU
		{05FDCF27-52F3-42FB-B1E3-6DC3DC2BCED3}.Debug|x86.ActiveCfg = Debug|Any CPU
		{05FDCF27-52F3-42FB-B1E3-6DC3DC2BCED3}.Debug|x86.Build.0 = Debug|Any CPU
		{05FDCF27-52F3-42FB-B1E3-6DC3DC2BCED3}.Release|Any CPU.ActiveCfg = Release|Any CPU
		{05FDCF27-52F3-42FB-B1E3-6DC3DC2BCED3}.Release|Any CPU.Build.0 = Release|Any CPU
		{05FDCF27-52F3-42FB-B1E3-6DC3DC2BCED3}.Release|x64.ActiveCfg = Release|Any CPU
		{05FDCF27-52F3-42FB-B1E3-6DC3DC2BCED3}.Release|x64.Build.0 = Release|Any CPU
		{05FDCF27-52F3-42FB-B1E3-6DC3DC2BCED3}.Release|x86.ActiveCfg = Release|Any CPU
		{05FDCF27-52F3-42FB-B1E3-6DC3DC2BCED3}.Release|x86.Build.0 = Release|Any CPU
		{DB7CFB70-823A-4BFD-B454-5A3CBC124CA6}.Debug|Any CPU.ActiveCfg = Debug|Any CPU
		{DB7CFB70-823A-4BFD-B454-5A3CBC124CA6}.Debug|Any CPU.Build.0 = Debug|Any CPU
		{DB7CFB70-823A-4BFD-B454-5A3CBC124CA6}.Debug|x64.ActiveCfg = Debug|Any CPU
		{DB7CFB70-823A-4BFD-B454-5A3CBC124CA6}.Debug|x64.Build.0 = Debug|Any CPU
		{DB7CFB70-823A-4BFD-B454-5A3CBC124CA6}.Debug|x86.ActiveCfg = Debug|Any CPU
		{DB7CFB70-823A-4BFD-B454-5A3CBC124CA6}.Debug|x86.Build.0 = Debug|Any CPU
		{DB7CFB70-823A-4BFD-B454-5A3CBC124CA6}.Release|Any CPU.ActiveCfg = Release|Any CPU
		{DB7CFB70-823A-4BFD-B454-5A3CBC124CA6}.Release|Any CPU.Build.0 = Release|Any CPU
		{DB7CFB70-823A-4BFD-B454-5A3CBC124CA6}.Release|x64.ActiveCfg = Release|Any CPU
		{DB7CFB70-823A-4BFD-B454-5A3CBC124CA6}.Release|x64.Build.0 = Release|Any CPU
		{DB7CFB70-823A-4BFD-B454-5A3CBC124CA6}.Release|x86.ActiveCfg = Release|Any CPU
		{DB7CFB70-823A-4BFD-B454-5A3CBC124CA6}.Release|x86.Build.0 = Release|Any CPU
		{D540BECA-F948-4E96-8071-BE424CA11CE7}.Debug|Any CPU.ActiveCfg = Debug|Any CPU
		{D540BECA-F948-4E96-8071-BE424CA11CE7}.Debug|Any CPU.Build.0 = Debug|Any CPU
		{D540BECA-F948-4E96-8071-BE424CA11CE7}.Debug|x64.ActiveCfg = Debug|Any CPU
		{D540BECA-F948-4E96-8071-BE424CA11CE7}.Debug|x64.Build.0 = Debug|Any CPU
		{D540BECA-F948-4E96-8071-BE424CA11CE7}.Debug|x86.ActiveCfg = Debug|Any CPU
		{D540BECA-F948-4E96-8071-BE424CA11CE7}.Debug|x86.Build.0 = Debug|Any CPU
		{D540BECA-F948-4E96-8071-BE424CA11CE7}.Release|Any CPU.ActiveCfg = Release|Any CPU
		{D540BECA-F948-4E96-8071-BE424CA11CE7}.Release|Any CPU.Build.0 = Release|Any CPU
		{D540BECA-F948-4E96-8071-BE424CA11CE7}.Release|x64.ActiveCfg = Release|Any CPU
		{D540BECA-F948-4E96-8071-BE424CA11CE7}.Release|x64.Build.0 = Release|Any CPU
		{D540BECA-F948-4E96-8071-BE424CA11CE7}.Release|x86.ActiveCfg = Release|Any CPU
		{D540BECA-F948-4E96-8071-BE424CA11CE7}.Release|x86.Build.0 = Release|Any CPU
		{D3FDE4B9-0DBF-47FC-B72A-4ED5D603AFE6}.Debug|Any CPU.ActiveCfg = Debug|Any CPU
		{D3FDE4B9-0DBF-47FC-B72A-4ED5D603AFE6}.Debug|Any CPU.Build.0 = Debug|Any CPU
		{D3FDE4B9-0DBF-47FC-B72A-4ED5D603AFE6}.Debug|x64.ActiveCfg = Debug|Any CPU
		{D3FDE4B9-0DBF-47FC-B72A-4ED5D603AFE6}.Debug|x64.Build.0 = Debug|Any CPU
		{D3FDE4B9-0DBF-47FC-B72A-4ED5D603AFE6}.Debug|x86.ActiveCfg = Debug|Any CPU
		{D3FDE4B9-0DBF-47FC-B72A-4ED5D603AFE6}.Debug|x86.Build.0 = Debug|Any CPU
		{D3FDE4B9-0DBF-47FC-B72A-4ED5D603AFE6}.Release|Any CPU.ActiveCfg = Release|Any CPU
		{D3FDE4B9-0DBF-47FC-B72A-4ED5D603AFE6}.Release|Any CPU.Build.0 = Release|Any CPU
		{D3FDE4B9-0DBF-47FC-B72A-4ED5D603AFE6}.Release|x64.ActiveCfg = Release|Any CPU
		{D3FDE4B9-0DBF-47FC-B72A-4ED5D603AFE6}.Release|x64.Build.0 = Release|Any CPU
		{D3FDE4B9-0DBF-47FC-B72A-4ED5D603AFE6}.Release|x86.ActiveCfg = Release|Any CPU
		{D3FDE4B9-0DBF-47FC-B72A-4ED5D603AFE6}.Release|x86.Build.0 = Release|Any CPU
		{8F877C8F-B46E-4684-95C5-53DA57B14BDC}.Debug|Any CPU.ActiveCfg = Debug|Any CPU
		{8F877C8F-B46E-4684-95C5-53DA57B14BDC}.Debug|Any CPU.Build.0 = Debug|Any CPU
		{8F877C8F-B46E-4684-95C5-53DA57B14BDC}.Debug|x64.ActiveCfg = Debug|Any CPU
		{8F877C8F-B46E-4684-95C5-53DA57B14BDC}.Debug|x64.Build.0 = Debug|Any CPU
		{8F877C8F-B46E-4684-95C5-53DA57B14BDC}.Debug|x86.ActiveCfg = Debug|Any CPU
		{8F877C8F-B46E-4684-95C5-53DA57B14BDC}.Debug|x86.Build.0 = Debug|Any CPU
		{8F877C8F-B46E-4684-95C5-53DA57B14BDC}.Release|Any CPU.ActiveCfg = Release|Any CPU
		{8F877C8F-B46E-4684-95C5-53DA57B14BDC}.Release|Any CPU.Build.0 = Release|Any CPU
		{8F877C8F-B46E-4684-95C5-53DA57B14BDC}.Release|x64.ActiveCfg = Release|Any CPU
		{8F877C8F-B46E-4684-95C5-53DA57B14BDC}.Release|x64.Build.0 = Release|Any CPU
		{8F877C8F-B46E-4684-95C5-53DA57B14BDC}.Release|x86.ActiveCfg = Release|Any CPU
		{8F877C8F-B46E-4684-95C5-53DA57B14BDC}.Release|x86.Build.0 = Release|Any CPU
		{A4A1379E-C93D-4216-9861-378FB7BBFA27}.Debug|Any CPU.ActiveCfg = Debug|Any CPU
		{A4A1379E-C93D-4216-9861-378FB7BBFA27}.Debug|Any CPU.Build.0 = Debug|Any CPU
		{A4A1379E-C93D-4216-9861-378FB7BBFA27}.Debug|x64.ActiveCfg = Debug|Any CPU
		{A4A1379E-C93D-4216-9861-378FB7BBFA27}.Debug|x64.Build.0 = Debug|Any CPU
		{A4A1379E-C93D-4216-9861-378FB7BBFA27}.Debug|x86.ActiveCfg = Debug|Any CPU
		{A4A1379E-C93D-4216-9861-378FB7BBFA27}.Debug|x86.Build.0 = Debug|Any CPU
		{A4A1379E-C93D-4216-9861-378FB7BBFA27}.Release|Any CPU.ActiveCfg = Release|Any CPU
		{A4A1379E-C93D-4216-9861-378FB7BBFA27}.Release|Any CPU.Build.0 = Release|Any CPU
		{A4A1379E-C93D-4216-9861-378FB7BBFA27}.Release|x64.ActiveCfg = Release|Any CPU
		{A4A1379E-C93D-4216-9861-378FB7BBFA27}.Release|x64.Build.0 = Release|Any CPU
		{A4A1379E-C93D-4216-9861-378FB7BBFA27}.Release|x86.ActiveCfg = Release|Any CPU
		{A4A1379E-C93D-4216-9861-378FB7BBFA27}.Release|x86.Build.0 = Release|Any CPU
		{72F7FB56-AC1D-4BC3-AA79-61F52B59ED4A}.Debug|Any CPU.ActiveCfg = Debug|Any CPU
		{72F7FB56-AC1D-4BC3-AA79-61F52B59ED4A}.Debug|Any CPU.Build.0 = Debug|Any CPU
		{72F7FB56-AC1D-4BC3-AA79-61F52B59ED4A}.Debug|x64.ActiveCfg = Debug|Any CPU
		{72F7FB56-AC1D-4BC3-AA79-61F52B59ED4A}.Debug|x64.Build.0 = Debug|Any CPU
		{72F7FB56-AC1D-4BC3-AA79-61F52B59ED4A}.Debug|x86.ActiveCfg = Debug|Any CPU
		{72F7FB56-AC1D-4BC3-AA79-61F52B59ED4A}.Debug|x86.Build.0 = Debug|Any CPU
		{72F7FB56-AC1D-4BC3-AA79-61F52B59ED4A}.Release|Any CPU.ActiveCfg = Release|Any CPU
		{72F7FB56-AC1D-4BC3-AA79-61F52B59ED4A}.Release|Any CPU.Build.0 = Release|Any CPU
		{72F7FB56-AC1D-4BC3-AA79-61F52B59ED4A}.Release|x64.ActiveCfg = Release|Any CPU
		{72F7FB56-AC1D-4BC3-AA79-61F52B59ED4A}.Release|x64.Build.0 = Release|Any CPU
		{72F7FB56-AC1D-4BC3-AA79-61F52B59ED4A}.Release|x86.ActiveCfg = Release|Any CPU
		{72F7FB56-AC1D-4BC3-AA79-61F52B59ED4A}.Release|x86.Build.0 = Release|Any CPU
		{217D9180-DBDE-43C1-88F3-53A06A35074A}.Debug|Any CPU.ActiveCfg = Debug|Any CPU
		{217D9180-DBDE-43C1-88F3-53A06A35074A}.Debug|Any CPU.Build.0 = Debug|Any CPU
		{217D9180-DBDE-43C1-88F3-53A06A35074A}.Debug|x64.ActiveCfg = Debug|Any CPU
		{217D9180-DBDE-43C1-88F3-53A06A35074A}.Debug|x64.Build.0 = Debug|Any CPU
		{217D9180-DBDE-43C1-88F3-53A06A35074A}.Debug|x86.ActiveCfg = Debug|Any CPU
		{217D9180-DBDE-43C1-88F3-53A06A35074A}.Debug|x86.Build.0 = Debug|Any CPU
		{217D9180-DBDE-43C1-88F3-53A06A35074A}.Release|Any CPU.ActiveCfg = Release|Any CPU
		{217D9180-DBDE-43C1-88F3-53A06A35074A}.Release|Any CPU.Build.0 = Release|Any CPU
		{217D9180-DBDE-43C1-88F3-53A06A35074A}.Release|x64.ActiveCfg = Release|Any CPU
		{217D9180-DBDE-43C1-88F3-53A06A35074A}.Release|x64.Build.0 = Release|Any CPU
		{217D9180-DBDE-43C1-88F3-53A06A35074A}.Release|x86.ActiveCfg = Release|Any CPU
		{217D9180-DBDE-43C1-88F3-53A06A35074A}.Release|x86.Build.0 = Release|Any CPU
	EndGlobalSection
	GlobalSection(SolutionProperties) = preSolution
		HideSolutionNode = FALSE
	EndGlobalSection
	GlobalSection(NestedProjects) = preSolution
		{A98B7527-6D64-4A7A-A1E2-3D8427EDD41A} = {5E244D5B-B032-458A-BBD2-0A403BBA61F9}
		{2354DBB6-5B58-4B50-9DE8-AC28AFDBFF30} = {5E244D5B-B032-458A-BBD2-0A403BBA61F9}
		{6CD97354-536A-4208-8F58-8330455D46B6} = {5E244D5B-B032-458A-BBD2-0A403BBA61F9}
		{8F877C8F-B46E-4684-95C5-53DA57B14BDC} = {5E244D5B-B032-458A-BBD2-0A403BBA61F9}
		{A4A1379E-C93D-4216-9861-378FB7BBFA27} = {5E244D5B-B032-458A-BBD2-0A403BBA61F9}
	EndGlobalSection
	GlobalSection(ExtensibilityGlobals) = postSolution
		SolutionGuid = {68767DE6-FA2A-4A9F-A7D3-AF07328CB620}
	EndGlobalSection
EndGlobal
