Microsoft Visual Studio Solution File, Format Version 12.00
# Visual Studio Version 16
VisualStudioVersion = 16.0.29009.5
MinimumVisualStudioVersion = 15.0.26124.0
Project("{9A19103F-16F7-4668-BE54-9A1E7A4F7556}") = "Core", "Core\Core.csproj", "{CA387BA6-9CD2-4988-BF75-75D5DB15DA0F}"
EndProject
Project("{9A19103F-16F7-4668-BE54-9A1E7A4F7556}") = "Core.Tests", "Core.Tests\Core.Tests.csproj", "{AD08DDBA-3CFC-47C8-B225-CD64673262DB}"
EndProject
Project("{9A19103F-16F7-4668-BE54-9A1E7A4F7556}") = "Mongo", "Mongo\Mongo.csproj", "{A46FA6B1-4521-4C53-9D38-5369470FB3D4}"
EndProject
Project("{9A19103F-16F7-4668-BE54-9A1E7A4F7556}") = "Mongo.Tests", "Mongo.Tests\Mongo.Tests.csproj", "{9A9BBEA0-1206-423F-B62F-E4ADA728E472}"
EndProject
Project("{9A19103F-16F7-4668-BE54-9A1E7A4F7556}") = "Elasticsearch", "Elasticsearch\Elasticsearch.csproj", "{0AF1B2A1-1BA5-478C-A18D-7481C7A1DAD7}"
EndProject
Project("{9A19103F-16F7-4668-BE54-9A1E7A4F7556}") = "Elasticsearch.Tests", "Elasticsearch.Tests\Elasticsearch.Tests.csproj", "{3156BBFC-6475-4229-8B32-B1FCCCD0F385}"
EndProject
Project("{9A19103F-16F7-4668-BE54-9A1E7A4F7556}") = "SqlServer", "SqlServer\SqlServer.csproj", "{1D2119F0-0EE5-462A-B921-5624037417AF}"
EndProject
Project("{9A19103F-16F7-4668-BE54-9A1E7A4F7556}") = "SqlServer.Tests", "SqlServer.Tests\SqlServer.Tests.csproj", "{20780AE0-885D-41C9-9451-3C7946CCC279}"
EndProject
Project("{9A19103F-16F7-4668-BE54-9A1E7A4F7556}") = "AzureStorage", "AzureStorage\AzureStorage.csproj", "{5FBD7383-0AA3-4C25-A4CF-AE884BF4221E}"
EndProject
Project("{9A19103F-16F7-4668-BE54-9A1E7A4F7556}") = "AzureStorage.Tests", "AzureStorage.Tests\AzureStorage.Tests.csproj", "{AB4DC29E-2F8A-410A-8BFF-CD120515BA80}"
EndProject
Project("{FAE04EC0-301F-11D3-BF4B-00C04F79EFBC}") = "RabbitMQ", "RabbitMQ\RabbitMQ.csproj", "{F5718594-A112-4A69-AE33-F239EA9AC021}"
EndProject
Project("{FAE04EC0-301F-11D3-BF4B-00C04F79EFBC}") = "RabbitMQ.Tests", "RabbitMQ.Tests\RabbitMQ.Tests.csproj", "{AB66BA48-D9FE-4A08-A9ED-E65CD4AB3B1C}"
EndProject
Global
	GlobalSection(SolutionConfigurationPlatforms) = preSolution
		Debug|Any CPU = Debug|Any CPU
		Debug|x64 = Debug|x64
		Debug|x86 = Debug|x86
		Release|Any CPU = Release|Any CPU
		Release|x64 = Release|x64
		Release|x86 = Release|x86
	EndGlobalSection
	GlobalSection(ProjectConfigurationPlatforms) = postSolution
		{CA387BA6-9CD2-4988-BF75-75D5DB15DA0F}.Debug|Any CPU.ActiveCfg = Debug|Any CPU
		{CA387BA6-9CD2-4988-BF75-75D5DB15DA0F}.Debug|Any CPU.Build.0 = Debug|Any CPU
		{CA387BA6-9CD2-4988-BF75-75D5DB15DA0F}.Debug|x64.ActiveCfg = Debug|Any CPU
		{CA387BA6-9CD2-4988-BF75-75D5DB15DA0F}.Debug|x64.Build.0 = Debug|Any CPU
		{CA387BA6-9CD2-4988-BF75-75D5DB15DA0F}.Debug|x86.ActiveCfg = Debug|Any CPU
		{CA387BA6-9CD2-4988-BF75-75D5DB15DA0F}.Debug|x86.Build.0 = Debug|Any CPU
		{CA387BA6-9CD2-4988-BF75-75D5DB15DA0F}.Release|Any CPU.ActiveCfg = Release|Any CPU
		{CA387BA6-9CD2-4988-BF75-75D5DB15DA0F}.Release|Any CPU.Build.0 = Release|Any CPU
		{CA387BA6-9CD2-4988-BF75-75D5DB15DA0F}.Release|x64.ActiveCfg = Release|Any CPU
		{CA387BA6-9CD2-4988-BF75-75D5DB15DA0F}.Release|x64.Build.0 = Release|Any CPU
		{CA387BA6-9CD2-4988-BF75-75D5DB15DA0F}.Release|x86.ActiveCfg = Release|Any CPU
		{CA387BA6-9CD2-4988-BF75-75D5DB15DA0F}.Release|x86.Build.0 = Release|Any CPU
		{AD08DDBA-3CFC-47C8-B225-CD64673262DB}.Debug|Any CPU.ActiveCfg = Debug|Any CPU
		{AD08DDBA-3CFC-47C8-B225-CD64673262DB}.Debug|Any CPU.Build.0 = Debug|Any CPU
		{AD08DDBA-3CFC-47C8-B225-CD64673262DB}.Debug|x64.ActiveCfg = Debug|Any CPU
		{AD08DDBA-3CFC-47C8-B225-CD64673262DB}.Debug|x64.Build.0 = Debug|Any CPU
		{AD08DDBA-3CFC-47C8-B225-CD64673262DB}.Debug|x86.ActiveCfg = Debug|Any CPU
		{AD08DDBA-3CFC-47C8-B225-CD64673262DB}.Debug|x86.Build.0 = Debug|Any CPU
		{AD08DDBA-3CFC-47C8-B225-CD64673262DB}.Release|Any CPU.ActiveCfg = Release|Any CPU
		{AD08DDBA-3CFC-47C8-B225-CD64673262DB}.Release|Any CPU.Build.0 = Release|Any CPU
		{AD08DDBA-3CFC-47C8-B225-CD64673262DB}.Release|x64.ActiveCfg = Release|Any CPU
		{AD08DDBA-3CFC-47C8-B225-CD64673262DB}.Release|x64.Build.0 = Release|Any CPU
		{AD08DDBA-3CFC-47C8-B225-CD64673262DB}.Release|x86.ActiveCfg = Release|Any CPU
		{AD08DDBA-3CFC-47C8-B225-CD64673262DB}.Release|x86.Build.0 = Release|Any CPU
		{A46FA6B1-4521-4C53-9D38-5369470FB3D4}.Debug|Any CPU.ActiveCfg = Debug|Any CPU
		{A46FA6B1-4521-4C53-9D38-5369470FB3D4}.Debug|Any CPU.Build.0 = Debug|Any CPU
		{A46FA6B1-4521-4C53-9D38-5369470FB3D4}.Debug|x64.ActiveCfg = Debug|Any CPU
		{A46FA6B1-4521-4C53-9D38-5369470FB3D4}.Debug|x64.Build.0 = Debug|Any CPU
		{A46FA6B1-4521-4C53-9D38-5369470FB3D4}.Debug|x86.ActiveCfg = Debug|Any CPU
		{A46FA6B1-4521-4C53-9D38-5369470FB3D4}.Debug|x86.Build.0 = Debug|Any CPU
		{A46FA6B1-4521-4C53-9D38-5369470FB3D4}.Release|Any CPU.ActiveCfg = Release|Any CPU
		{A46FA6B1-4521-4C53-9D38-5369470FB3D4}.Release|Any CPU.Build.0 = Release|Any CPU
		{A46FA6B1-4521-4C53-9D38-5369470FB3D4}.Release|x64.ActiveCfg = Release|Any CPU
		{A46FA6B1-4521-4C53-9D38-5369470FB3D4}.Release|x64.Build.0 = Release|Any CPU
		{A46FA6B1-4521-4C53-9D38-5369470FB3D4}.Release|x86.ActiveCfg = Release|Any CPU
		{A46FA6B1-4521-4C53-9D38-5369470FB3D4}.Release|x86.Build.0 = Release|Any CPU
		{9A9BBEA0-1206-423F-B62F-E4ADA728E472}.Debug|Any CPU.ActiveCfg = Debug|Any CPU
		{9A9BBEA0-1206-423F-B62F-E4ADA728E472}.Debug|Any CPU.Build.0 = Debug|Any CPU
		{9A9BBEA0-1206-423F-B62F-E4ADA728E472}.Debug|x64.ActiveCfg = Debug|Any CPU
		{9A9BBEA0-1206-423F-B62F-E4ADA728E472}.Debug|x64.Build.0 = Debug|Any CPU
		{9A9BBEA0-1206-423F-B62F-E4ADA728E472}.Debug|x86.ActiveCfg = Debug|Any CPU
		{9A9BBEA0-1206-423F-B62F-E4ADA728E472}.Debug|x86.Build.0 = Debug|Any CPU
		{9A9BBEA0-1206-423F-B62F-E4ADA728E472}.Release|Any CPU.ActiveCfg = Release|Any CPU
		{9A9BBEA0-1206-423F-B62F-E4ADA728E472}.Release|Any CPU.Build.0 = Release|Any CPU
		{9A9BBEA0-1206-423F-B62F-E4ADA728E472}.Release|x64.ActiveCfg = Release|Any CPU
		{9A9BBEA0-1206-423F-B62F-E4ADA728E472}.Release|x64.Build.0 = Release|Any CPU
		{9A9BBEA0-1206-423F-B62F-E4ADA728E472}.Release|x86.ActiveCfg = Release|Any CPU
		{9A9BBEA0-1206-423F-B62F-E4ADA728E472}.Release|x86.Build.0 = Release|Any CPU
		{0AF1B2A1-1BA5-478C-A18D-7481C7A1DAD7}.Debug|Any CPU.ActiveCfg = Debug|Any CPU
		{0AF1B2A1-1BA5-478C-A18D-7481C7A1DAD7}.Debug|Any CPU.Build.0 = Debug|Any CPU
		{0AF1B2A1-1BA5-478C-A18D-7481C7A1DAD7}.Debug|x64.ActiveCfg = Debug|Any CPU
		{0AF1B2A1-1BA5-478C-A18D-7481C7A1DAD7}.Debug|x64.Build.0 = Debug|Any CPU
		{0AF1B2A1-1BA5-478C-A18D-7481C7A1DAD7}.Debug|x86.ActiveCfg = Debug|Any CPU
		{0AF1B2A1-1BA5-478C-A18D-7481C7A1DAD7}.Debug|x86.Build.0 = Debug|Any CPU
		{0AF1B2A1-1BA5-478C-A18D-7481C7A1DAD7}.Release|Any CPU.ActiveCfg = Release|Any CPU
		{0AF1B2A1-1BA5-478C-A18D-7481C7A1DAD7}.Release|Any CPU.Build.0 = Release|Any CPU
		{0AF1B2A1-1BA5-478C-A18D-7481C7A1DAD7}.Release|x64.ActiveCfg = Release|Any CPU
		{0AF1B2A1-1BA5-478C-A18D-7481C7A1DAD7}.Release|x64.Build.0 = Release|Any CPU
		{0AF1B2A1-1BA5-478C-A18D-7481C7A1DAD7}.Release|x86.ActiveCfg = Release|Any CPU
		{0AF1B2A1-1BA5-478C-A18D-7481C7A1DAD7}.Release|x86.Build.0 = Release|Any CPU
		{3156BBFC-6475-4229-8B32-B1FCCCD0F385}.Debug|Any CPU.ActiveCfg = Debug|Any CPU
		{3156BBFC-6475-4229-8B32-B1FCCCD0F385}.Debug|Any CPU.Build.0 = Debug|Any CPU
		{3156BBFC-6475-4229-8B32-B1FCCCD0F385}.Debug|x64.ActiveCfg = Debug|Any CPU
		{3156BBFC-6475-4229-8B32-B1FCCCD0F385}.Debug|x64.Build.0 = Debug|Any CPU
		{3156BBFC-6475-4229-8B32-B1FCCCD0F385}.Debug|x86.ActiveCfg = Debug|Any CPU
		{3156BBFC-6475-4229-8B32-B1FCCCD0F385}.Debug|x86.Build.0 = Debug|Any CPU
		{3156BBFC-6475-4229-8B32-B1FCCCD0F385}.Release|Any CPU.ActiveCfg = Release|Any CPU
		{3156BBFC-6475-4229-8B32-B1FCCCD0F385}.Release|Any CPU.Build.0 = Release|Any CPU
		{3156BBFC-6475-4229-8B32-B1FCCCD0F385}.Release|x64.ActiveCfg = Release|Any CPU
		{3156BBFC-6475-4229-8B32-B1FCCCD0F385}.Release|x64.Build.0 = Release|Any CPU
		{3156BBFC-6475-4229-8B32-B1FCCCD0F385}.Release|x86.ActiveCfg = Release|Any CPU
		{3156BBFC-6475-4229-8B32-B1FCCCD0F385}.Release|x86.Build.0 = Release|Any CPU
		{1D2119F0-0EE5-462A-B921-5624037417AF}.Debug|Any CPU.ActiveCfg = Debug|Any CPU
		{1D2119F0-0EE5-462A-B921-5624037417AF}.Debug|Any CPU.Build.0 = Debug|Any CPU
		{1D2119F0-0EE5-462A-B921-5624037417AF}.Debug|x64.ActiveCfg = Debug|Any CPU
		{1D2119F0-0EE5-462A-B921-5624037417AF}.Debug|x64.Build.0 = Debug|Any CPU
		{1D2119F0-0EE5-462A-B921-5624037417AF}.Debug|x86.ActiveCfg = Debug|Any CPU
		{1D2119F0-0EE5-462A-B921-5624037417AF}.Debug|x86.Build.0 = Debug|Any CPU
		{1D2119F0-0EE5-462A-B921-5624037417AF}.Release|Any CPU.ActiveCfg = Release|Any CPU
		{1D2119F0-0EE5-462A-B921-5624037417AF}.Release|Any CPU.Build.0 = Release|Any CPU
		{1D2119F0-0EE5-462A-B921-5624037417AF}.Release|x64.ActiveCfg = Release|Any CPU
		{1D2119F0-0EE5-462A-B921-5624037417AF}.Release|x64.Build.0 = Release|Any CPU
		{1D2119F0-0EE5-462A-B921-5624037417AF}.Release|x86.ActiveCfg = Release|Any CPU
		{1D2119F0-0EE5-462A-B921-5624037417AF}.Release|x86.Build.0 = Release|Any CPU
		{20780AE0-885D-41C9-9451-3C7946CCC279}.Debug|Any CPU.ActiveCfg = Debug|Any CPU
		{20780AE0-885D-41C9-9451-3C7946CCC279}.Debug|Any CPU.Build.0 = Debug|Any CPU
		{20780AE0-885D-41C9-9451-3C7946CCC279}.Debug|x64.ActiveCfg = Debug|Any CPU
		{20780AE0-885D-41C9-9451-3C7946CCC279}.Debug|x64.Build.0 = Debug|Any CPU
		{20780AE0-885D-41C9-9451-3C7946CCC279}.Debug|x86.ActiveCfg = Debug|Any CPU
		{20780AE0-885D-41C9-9451-3C7946CCC279}.Debug|x86.Build.0 = Debug|Any CPU
		{20780AE0-885D-41C9-9451-3C7946CCC279}.Release|Any CPU.ActiveCfg = Release|Any CPU
		{20780AE0-885D-41C9-9451-3C7946CCC279}.Release|Any CPU.Build.0 = Release|Any CPU
		{20780AE0-885D-41C9-9451-3C7946CCC279}.Release|x64.ActiveCfg = Release|Any CPU
		{20780AE0-885D-41C9-9451-3C7946CCC279}.Release|x64.Build.0 = Release|Any CPU
		{20780AE0-885D-41C9-9451-3C7946CCC279}.Release|x86.ActiveCfg = Release|Any CPU
		{20780AE0-885D-41C9-9451-3C7946CCC279}.Release|x86.Build.0 = Release|Any CPU
		{5FBD7383-0AA3-4C25-A4CF-AE884BF4221E}.Debug|Any CPU.ActiveCfg = Debug|Any CPU
		{5FBD7383-0AA3-4C25-A4CF-AE884BF4221E}.Debug|Any CPU.Build.0 = Debug|Any CPU
		{5FBD7383-0AA3-4C25-A4CF-AE884BF4221E}.Debug|x64.ActiveCfg = Debug|Any CPU
		{5FBD7383-0AA3-4C25-A4CF-AE884BF4221E}.Debug|x64.Build.0 = Debug|Any CPU
		{5FBD7383-0AA3-4C25-A4CF-AE884BF4221E}.Debug|x86.ActiveCfg = Debug|Any CPU
		{5FBD7383-0AA3-4C25-A4CF-AE884BF4221E}.Debug|x86.Build.0 = Debug|Any CPU
		{5FBD7383-0AA3-4C25-A4CF-AE884BF4221E}.Release|Any CPU.ActiveCfg = Release|Any CPU
		{5FBD7383-0AA3-4C25-A4CF-AE884BF4221E}.Release|Any CPU.Build.0 = Release|Any CPU
		{5FBD7383-0AA3-4C25-A4CF-AE884BF4221E}.Release|x64.ActiveCfg = Release|Any CPU
		{5FBD7383-0AA3-4C25-A4CF-AE884BF4221E}.Release|x64.Build.0 = Release|Any CPU
		{5FBD7383-0AA3-4C25-A4CF-AE884BF4221E}.Release|x86.ActiveCfg = Release|Any CPU
		{5FBD7383-0AA3-4C25-A4CF-AE884BF4221E}.Release|x86.Build.0 = Release|Any CPU
		{AB4DC29E-2F8A-410A-8BFF-CD120515BA80}.Debug|Any CPU.ActiveCfg = Debug|Any CPU
		{AB4DC29E-2F8A-410A-8BFF-CD120515BA80}.Debug|Any CPU.Build.0 = Debug|Any CPU
		{AB4DC29E-2F8A-410A-8BFF-CD120515BA80}.Debug|x64.ActiveCfg = Debug|Any CPU
		{AB4DC29E-2F8A-410A-8BFF-CD120515BA80}.Debug|x64.Build.0 = Debug|Any CPU
		{AB4DC29E-2F8A-410A-8BFF-CD120515BA80}.Debug|x86.ActiveCfg = Debug|Any CPU
		{AB4DC29E-2F8A-410A-8BFF-CD120515BA80}.Debug|x86.Build.0 = Debug|Any CPU
		{AB4DC29E-2F8A-410A-8BFF-CD120515BA80}.Release|Any CPU.ActiveCfg = Release|Any CPU
		{AB4DC29E-2F8A-410A-8BFF-CD120515BA80}.Release|Any CPU.Build.0 = Release|Any CPU
		{AB4DC29E-2F8A-410A-8BFF-CD120515BA80}.Release|x64.ActiveCfg = Release|Any CPU
		{AB4DC29E-2F8A-410A-8BFF-CD120515BA80}.Release|x64.Build.0 = Release|Any CPU
		{AB4DC29E-2F8A-410A-8BFF-CD120515BA80}.Release|x86.ActiveCfg = Release|Any CPU
		{AB4DC29E-2F8A-410A-8BFF-CD120515BA80}.Release|x86.Build.0 = Release|Any CPU
		{F5718594-A112-4A69-AE33-F239EA9AC021}.Debug|Any CPU.ActiveCfg = Debug|Any CPU
		{F5718594-A112-4A69-AE33-F239EA9AC021}.Debug|Any CPU.Build.0 = Debug|Any CPU
		{F5718594-A112-4A69-AE33-F239EA9AC021}.Debug|x64.ActiveCfg = Debug|Any CPU
		{F5718594-A112-4A69-AE33-F239EA9AC021}.Debug|x64.Build.0 = Debug|Any CPU
		{F5718594-A112-4A69-AE33-F239EA9AC021}.Debug|x86.ActiveCfg = Debug|Any CPU
		{F5718594-A112-4A69-AE33-F239EA9AC021}.Debug|x86.Build.0 = Debug|Any CPU
		{F5718594-A112-4A69-AE33-F239EA9AC021}.Release|Any CPU.ActiveCfg = Release|Any CPU
		{F5718594-A112-4A69-AE33-F239EA9AC021}.Release|Any CPU.Build.0 = Release|Any CPU
		{F5718594-A112-4A69-AE33-F239EA9AC021}.Release|x64.ActiveCfg = Release|Any CPU
		{F5718594-A112-4A69-AE33-F239EA9AC021}.Release|x64.Build.0 = Release|Any CPU
		{F5718594-A112-4A69-AE33-F239EA9AC021}.Release|x86.ActiveCfg = Release|Any CPU
		{F5718594-A112-4A69-AE33-F239EA9AC021}.Release|x86.Build.0 = Release|Any CPU
		{AB66BA48-D9FE-4A08-A9ED-E65CD4AB3B1C}.Debug|Any CPU.ActiveCfg = Debug|Any CPU
		{AB66BA48-D9FE-4A08-A9ED-E65CD4AB3B1C}.Debug|Any CPU.Build.0 = Debug|Any CPU
		{AB66BA48-D9FE-4A08-A9ED-E65CD4AB3B1C}.Debug|x64.ActiveCfg = Debug|Any CPU
		{AB66BA48-D9FE-4A08-A9ED-E65CD4AB3B1C}.Debug|x64.Build.0 = Debug|Any CPU
		{AB66BA48-D9FE-4A08-A9ED-E65CD4AB3B1C}.Debug|x86.ActiveCfg = Debug|Any CPU
		{AB66BA48-D9FE-4A08-A9ED-E65CD4AB3B1C}.Debug|x86.Build.0 = Debug|Any CPU
		{AB66BA48-D9FE-4A08-A9ED-E65CD4AB3B1C}.Release|Any CPU.ActiveCfg = Release|Any CPU
		{AB66BA48-D9FE-4A08-A9ED-E65CD4AB3B1C}.Release|Any CPU.Build.0 = Release|Any CPU
		{AB66BA48-D9FE-4A08-A9ED-E65CD4AB3B1C}.Release|x64.ActiveCfg = Release|Any CPU
		{AB66BA48-D9FE-4A08-A9ED-E65CD4AB3B1C}.Release|x64.Build.0 = Release|Any CPU
		{AB66BA48-D9FE-4A08-A9ED-E65CD4AB3B1C}.Release|x86.ActiveCfg = Release|Any CPU
		{AB66BA48-D9FE-4A08-A9ED-E65CD4AB3B1C}.Release|x86.Build.0 = Release|Any CPU
	EndGlobalSection
	GlobalSection(SolutionProperties) = preSolution
		HideSolutionNode = FALSE
	EndGlobalSection
	GlobalSection(ExtensibilityGlobals) = postSolution
		SolutionGuid = {68767DE6-FA2A-4A9F-A7D3-AF07328CB620}
	EndGlobalSection
EndGlobal
